// !$*UTF8*$!
{
	archiveVersion = 1;
	classes = {
	};
	objectVersion = 46;
	objects = {

/* Begin PBXBuildFile section */
		413DB7C01C7F58B50087FAC1 /* libmulle_objc_standalone_runtime.dylib in Frameworks */ = {isa = PBXBuildFile; fileRef = 413DB7BF1C7F58B00087FAC1 /* libmulle_objc_standalone_runtime.dylib */; };
		41FF380A1C7F581C00E18E6D /* main.c in Sources */ = {isa = PBXBuildFile; fileRef = 41FF38001C7F581C00E18E6D /* main.c */; };
		41FF380B1C7F581C00E18E6D /* test_category_inheritance.c in Sources */ = {isa = PBXBuildFile; fileRef = 41FF38011C7F581C00E18E6D /* test_category_inheritance.c */; };
		41FF380C1C7F581C00E18E6D /* test_class_simple.c in Sources */ = {isa = PBXBuildFile; fileRef = 41FF38021C7F581C00E18E6D /* test_class_simple.c */; };
		41FF380D1C7F581C00E18E6D /* test_message_forwarding.c in Sources */ = {isa = PBXBuildFile; fileRef = 41FF38031C7F581C00E18E6D /* test_message_forwarding.c */; };
		41FF380E1C7F581C00E18E6D /* test_message_sending.c in Sources */ = {isa = PBXBuildFile; fileRef = 41FF38041C7F581C00E18E6D /* test_message_sending.c */; };
		41FF380F1C7F581C00E18E6D /* test_method.c in Sources */ = {isa = PBXBuildFile; fileRef = 41FF38051C7F581C00E18E6D /* test_method.c */; };
		41FF38101C7F581C00E18E6D /* test_protocol_inheritance.c in Sources */ = {isa = PBXBuildFile; fileRef = 41FF38061C7F581C00E18E6D /* test_protocol_inheritance.c */; };
		41FF38111C7F581C00E18E6D /* test_retain_release.c in Sources */ = {isa = PBXBuildFile; fileRef = 41FF38071C7F581C00E18E6D /* test_retain_release.c */; };
		41FF38121C7F581C00E18E6D /* test_simple_inheritance.c in Sources */ = {isa = PBXBuildFile; fileRef = 41FF38081C7F581C00E18E6D /* test_simple_inheritance.c */; };
/* End PBXBuildFile section */

/* Begin PBXContainerItemProxy section */
		413DB7B71C7F58B00087FAC1 /* PBXContainerItemProxy */ = {
			isa = PBXContainerItemProxy;
			containerPortal = 41FF38161C7F584700E18E6D /* mulle-objc-runtime.xcodeproj */;
			proxyType = 1;
			remoteGlobalIDString = 41B2CC611C512BBD006CA7BB;
			remoteInfo = mulle_objc_standalone_runtime;
		};
		413DB7BC1C7F58B00087FAC1 /* PBXContainerItemProxy */ = {
			isa = PBXContainerItemProxy;
			containerPortal = 41FF38161C7F584700E18E6D /* mulle-objc-runtime.xcodeproj */;
			proxyType = 2;
			remoteGlobalIDString = 4158AC8A1A1A0180007F2A2D;
			remoteInfo = mulle_objc_runtime;
		};
		413DB7BE1C7F58B00087FAC1 /* PBXContainerItemProxy */ = {
			isa = PBXContainerItemProxy;
			containerPortal = 41FF38161C7F584700E18E6D /* mulle-objc-runtime.xcodeproj */;
			proxyType = 2;
			remoteGlobalIDString = 41B2CC621C512BBD006CA7BB;
			remoteInfo = mulle_objc_standalone_runtime;
		};
/* End PBXContainerItemProxy section */

/* Begin PBXFileReference section */
		413DB7C11C7F58E30087FAC1 /* DynamicLibrary.xcconfig */ = {isa = PBXFileReference; lastKnownFileType = text.xcconfig; path = DynamicLibrary.xcconfig; sourceTree = "<group>"; };
		413DB7C21C7F58E30087FAC1 /* DynamicLibraryOSX.xcconfig */ = {isa = PBXFileReference; lastKnownFileType = text.xcconfig; path = DynamicLibraryOSX.xcconfig; sourceTree = "<group>"; };
		413DB7C31C7F58E30087FAC1 /* Library.xcconfig */ = {isa = PBXFileReference; lastKnownFileType = text.xcconfig; path = Library.xcconfig; sourceTree = "<group>"; };
		413DB7C41C7F58E30087FAC1 /* Common.xcconfig */ = {isa = PBXFileReference; lastKnownFileType = text.xcconfig; path = Common.xcconfig; sourceTree = "<group>"; };
		413DB7C51C7F58E30087FAC1 /* Debug.xcconfig */ = {isa = PBXFileReference; lastKnownFileType = text.xcconfig; path = Debug.xcconfig; sourceTree = "<group>"; };
		413DB7C61C7F58E30087FAC1 /* IOS.xcconfig */ = {isa = PBXFileReference; lastKnownFileType = text.xcconfig; path = IOS.xcconfig; sourceTree = "<group>"; };
		413DB7C71C7F58E30087FAC1 /* OSX.xcconfig */ = {isa = PBXFileReference; lastKnownFileType = text.xcconfig; path = OSX.xcconfig; sourceTree = "<group>"; };
		413DB7C81C7F58E30087FAC1 /* Release.xcconfig */ = {isa = PBXFileReference; lastKnownFileType = text.xcconfig; path = Release.xcconfig; sourceTree = "<group>"; };
		413DB7C91C7F58E30087FAC1 /* StaticLibrary.xcconfig */ = {isa = PBXFileReference; lastKnownFileType = text.xcconfig; path = StaticLibrary.xcconfig; sourceTree = "<group>"; };
		413DB7CA1C7F58E30087FAC1 /* StaticLibraryIOS.xcconfig */ = {isa = PBXFileReference; lastKnownFileType = text.xcconfig; path = StaticLibraryIOS.xcconfig; sourceTree = "<group>"; };
		413DB7CB1C7F58E30087FAC1 /* StaticLibraryOSX.xcconfig */ = {isa = PBXFileReference; lastKnownFileType = text.xcconfig; path = StaticLibraryOSX.xcconfig; sourceTree = "<group>"; };
		413DB7CC1C7F58E30087FAC1 /* ToolOSX.xcconfig */ = {isa = PBXFileReference; lastKnownFileType = text.xcconfig; path = ToolOSX.xcconfig; sourceTree = "<group>"; };
		413DB7CD1C7F58E30087FAC1 /* _Common.xcconfig */ = {isa = PBXFileReference; lastKnownFileType = text.xcconfig; path = _Common.xcconfig; sourceTree = "<group>"; };
		4146A57D1C7F57E8005D7760 /* inheritance */ = {isa = PBXFileReference; explicitFileType = "compiled.mach-o.executable"; includeInIndex = 0; path = inheritance; sourceTree = BUILT_PRODUCTS_DIR; };
		41FF37FF1C7F581C00E18E6D /* f.c */ = {isa = PBXFileReference; fileEncoding = 4; lastKnownFileType = sourcecode.c.c; path = f.c; sourceTree = "<group>"; };
		41FF38001C7F581C00E18E6D /* main.c */ = {isa = PBXFileReference; fileEncoding = 4; lastKnownFileType = sourcecode.c.c; path = main.c; sourceTree = "<group>"; };
		41FF38011C7F581C00E18E6D /* test_category_inheritance.c */ = {isa = PBXFileReference; fileEncoding = 4; lastKnownFileType = sourcecode.c.c; path = test_category_inheritance.c; sourceTree = "<group>"; };
		41FF38021C7F581C00E18E6D /* test_class_simple.c */ = {isa = PBXFileReference; fileEncoding = 4; lastKnownFileType = sourcecode.c.c; path = test_class_simple.c; sourceTree = "<group>"; };
		41FF38031C7F581C00E18E6D /* test_message_forwarding.c */ = {isa = PBXFileReference; fileEncoding = 4; lastKnownFileType = sourcecode.c.c; path = test_message_forwarding.c; sourceTree = "<group>"; };
		41FF38041C7F581C00E18E6D /* test_message_sending.c */ = {isa = PBXFileReference; fileEncoding = 4; lastKnownFileType = sourcecode.c.c; path = test_message_sending.c; sourceTree = "<group>"; };
		41FF38051C7F581C00E18E6D /* test_method.c */ = {isa = PBXFileReference; fileEncoding = 4; lastKnownFileType = sourcecode.c.c; path = test_method.c; sourceTree = "<group>"; };
		41FF38061C7F581C00E18E6D /* test_protocol_inheritance.c */ = {isa = PBXFileReference; fileEncoding = 4; lastKnownFileType = sourcecode.c.c; path = test_protocol_inheritance.c; sourceTree = "<group>"; };
		41FF38071C7F581C00E18E6D /* test_retain_release.c */ = {isa = PBXFileReference; fileEncoding = 4; lastKnownFileType = sourcecode.c.c; path = test_retain_release.c; sourceTree = "<group>"; };
		41FF38081C7F581C00E18E6D /* test_simple_inheritance.c */ = {isa = PBXFileReference; fileEncoding = 4; lastKnownFileType = sourcecode.c.c; path = test_simple_inheritance.c; sourceTree = "<group>"; };
		41FF38131C7F582600E18E6D /* pointerarray.h */ = {isa = PBXFileReference; lastKnownFileType = sourcecode.c.h; path = pointerarray.h; sourceTree = "<group>"; };
		41FF38141C7F582600E18E6D /* test_runtime_ids.h */ = {isa = PBXFileReference; lastKnownFileType = sourcecode.c.h; path = test_runtime_ids.h; sourceTree = "<group>"; };
		41FF38151C7F582600E18E6D /* test_simple_inheritance.h */ = {isa = PBXFileReference; lastKnownFileType = sourcecode.c.h; path = test_simple_inheritance.h; sourceTree = "<group>"; };
		41FF38161C7F584700E18E6D /* mulle-objc-runtime.xcodeproj */ = {isa = PBXFileReference; lastKnownFileType = "wrapper.pb-project"; name = "mulle-objc-runtime.xcodeproj"; path = "../../../mulle-objc-runtime.xcodeproj"; sourceTree = "<group>"; };
/* End PBXFileReference section */

/* Begin PBXFrameworksBuildPhase section */
		4146A57A1C7F57E8005D7760 /* Frameworks */ = {
			isa = PBXFrameworksBuildPhase;
			buildActionMask = 2147483647;
			files = (
				413DB7C01C7F58B50087FAC1 /* libmulle_objc_standalone_runtime.dylib in Frameworks */,
			);
			runOnlyForDeploymentPostprocessing = 0;
		};
/* End PBXFrameworksBuildPhase section */

/* Begin PBXGroup section */
		413DB7CE1C7F58E30087FAC1 /* mulle-configuration */ = {
			isa = PBXGroup;
			children = (
				413DB7C11C7F58E30087FAC1 /* DynamicLibrary.xcconfig */,
				413DB7C21C7F58E30087FAC1 /* DynamicLibraryOSX.xcconfig */,
				413DB7C31C7F58E30087FAC1 /* Library.xcconfig */,
				413DB7C41C7F58E30087FAC1 /* Common.xcconfig */,
				413DB7C51C7F58E30087FAC1 /* Debug.xcconfig */,
				413DB7C61C7F58E30087FAC1 /* IOS.xcconfig */,
				413DB7C71C7F58E30087FAC1 /* OSX.xcconfig */,
				413DB7C81C7F58E30087FAC1 /* Release.xcconfig */,
				413DB7C91C7F58E30087FAC1 /* StaticLibrary.xcconfig */,
				413DB7CA1C7F58E30087FAC1 /* StaticLibraryIOS.xcconfig */,
				413DB7CB1C7F58E30087FAC1 /* StaticLibraryOSX.xcconfig */,
				413DB7CC1C7F58E30087FAC1 /* ToolOSX.xcconfig */,
				413DB7CD1C7F58E30087FAC1 /* _Common.xcconfig */,
			);
			name = "mulle-configuration";
			path = "../../../mulle-configuration";
			sourceTree = "<group>";
		};
		4146A5741C7F57E8005D7760 = {
			isa = PBXGroup;
			children = (
				413DB7CE1C7F58E30087FAC1 /* mulle-configuration */,
				41FF38161C7F584700E18E6D /* mulle-objc-runtime.xcodeproj */,
				41FF38131C7F582600E18E6D /* pointerarray.h */,
				41FF38141C7F582600E18E6D /* test_runtime_ids.h */,
				41FF38151C7F582600E18E6D /* test_simple_inheritance.h */,
				41FF37FF1C7F581C00E18E6D /* f.c */,
				41FF38001C7F581C00E18E6D /* main.c */,
				41FF38011C7F581C00E18E6D /* test_category_inheritance.c */,
				41FF38021C7F581C00E18E6D /* test_class_simple.c */,
				41FF38031C7F581C00E18E6D /* test_message_forwarding.c */,
				41FF38041C7F581C00E18E6D /* test_message_sending.c */,
				41FF38051C7F581C00E18E6D /* test_method.c */,
				41FF38061C7F581C00E18E6D /* test_protocol_inheritance.c */,
				41FF38071C7F581C00E18E6D /* test_retain_release.c */,
				41FF38081C7F581C00E18E6D /* test_simple_inheritance.c */,
				4146A57E1C7F57E8005D7760 /* Products */,
			);
			sourceTree = "<group>";
		};
		4146A57E1C7F57E8005D7760 /* Products */ = {
			isa = PBXGroup;
			children = (
				4146A57D1C7F57E8005D7760 /* inheritance */,
			);
			name = Products;
			sourceTree = "<group>";
		};
		41FF38171C7F584700E18E6D /* Products */ = {
			isa = PBXGroup;
			children = (
				413DB7BD1C7F58B00087FAC1 /* libmulle_objc_runtime.a */,
				413DB7BF1C7F58B00087FAC1 /* libmulle_objc_standalone_runtime.dylib */,
			);
			name = Products;
			sourceTree = "<group>";
		};
/* End PBXGroup section */

/* Begin PBXNativeTarget section */
		4146A57C1C7F57E8005D7760 /* inheritance */ = {
			isa = PBXNativeTarget;
			buildConfigurationList = 4146A5841C7F57E8005D7760 /* Build configuration list for PBXNativeTarget "inheritance" */;
			buildPhases = (
				4146A5791C7F57E8005D7760 /* Sources */,
				4146A57A1C7F57E8005D7760 /* Frameworks */,
			);
			buildRules = (
			);
			dependencies = (
				413DB7B81C7F58B00087FAC1 /* PBXTargetDependency */,
			);
			name = inheritance;
			productName = inheritance;
			productReference = 4146A57D1C7F57E8005D7760 /* inheritance */;
			productType = "com.apple.product-type.tool";
		};
/* End PBXNativeTarget section */

/* Begin PBXProject section */
		4146A5751C7F57E8005D7760 /* Project object */ = {
			isa = PBXProject;
			attributes = {
				LastUpgradeCheck = 0720;
				ORGANIZATIONNAME = "Mulle kybernetiK";
				TargetAttributes = {
					4146A57C1C7F57E8005D7760 = {
						CreatedOnToolsVersion = 7.1;
					};
				};
			};
			buildConfigurationList = 4146A5781C7F57E8005D7760 /* Build configuration list for PBXProject "inheritance" */;
			compatibilityVersion = "Xcode 3.2";
			developmentRegion = English;
			hasScannedForEncodings = 0;
			knownRegions = (
				en,
			);
			mainGroup = 4146A5741C7F57E8005D7760;
			productRefGroup = 4146A57E1C7F57E8005D7760 /* Products */;
			projectDirPath = "";
			projectReferences = (
				{
					ProductGroup = 41FF38171C7F584700E18E6D /* Products */;
					ProjectRef = 41FF38161C7F584700E18E6D /* mulle-objc-runtime.xcodeproj */;
				},
			);
			projectRoot = "";
			targets = (
				4146A57C1C7F57E8005D7760 /* inheritance */,
			);
		};
/* End PBXProject section */

/* Begin PBXReferenceProxy section */
		413DB7BD1C7F58B00087FAC1 /* libmulle_objc_runtime.a */ = {
			isa = PBXReferenceProxy;
			fileType = "compiled.mach-o.dylib";
			path = libmulle_objc_runtime.a;
			remoteRef = 413DB7BC1C7F58B00087FAC1 /* PBXContainerItemProxy */;
			sourceTree = BUILT_PRODUCTS_DIR;
		};
		413DB7BF1C7F58B00087FAC1 /* libmulle_objc_standalone_runtime.dylib */ = {
			isa = PBXReferenceProxy;
			fileType = "compiled.mach-o.dylib";
			path = libmulle_objc_standalone_runtime.dylib;
			remoteRef = 413DB7BE1C7F58B00087FAC1 /* PBXContainerItemProxy */;
			sourceTree = BUILT_PRODUCTS_DIR;
		};
/* End PBXReferenceProxy section */

/* Begin PBXSourcesBuildPhase section */
		4146A5791C7F57E8005D7760 /* Sources */ = {
			isa = PBXSourcesBuildPhase;
			buildActionMask = 2147483647;
			files = (
				41FF380E1C7F581C00E18E6D /* test_message_sending.c in Sources */,
				41FF380D1C7F581C00E18E6D /* test_message_forwarding.c in Sources */,
				41FF380F1C7F581C00E18E6D /* test_method.c in Sources */,
				41FF38111C7F581C00E18E6D /* test_retain_release.c in Sources */,
				41FF380A1C7F581C00E18E6D /* main.c in Sources */,
				41FF380B1C7F581C00E18E6D /* test_category_inheritance.c in Sources */,
				41FF38121C7F581C00E18E6D /* test_simple_inheritance.c in Sources */,
				41FF380C1C7F581C00E18E6D /* test_class_simple.c in Sources */,
				41FF38101C7F581C00E18E6D /* test_protocol_inheritance.c in Sources */,
			);
			runOnlyForDeploymentPostprocessing = 0;
		};
/* End PBXSourcesBuildPhase section */

/* Begin PBXTargetDependency section */
		413DB7B81C7F58B00087FAC1 /* PBXTargetDependency */ = {
			isa = PBXTargetDependency;
			name = mulle_objc_standalone_runtime;
			targetProxy = 413DB7B71C7F58B00087FAC1 /* PBXContainerItemProxy */;
		};
/* End PBXTargetDependency section */

/* Begin XCBuildConfiguration section */
		4146A5821C7F57E8005D7760 /* Debug */ = {
			isa = XCBuildConfiguration;
			baseConfigurationReference = 413DB7C51C7F58E30087FAC1 /* Debug.xcconfig */;
			buildSettings = {
			};
			name = Debug;
		};
		4146A5831C7F57E8005D7760 /* Release */ = {
			isa = XCBuildConfiguration;
			baseConfigurationReference = 413DB7C81C7F58E30087FAC1 /* Release.xcconfig */;
			buildSettings = {
			};
			name = Release;
		};
		4146A5851C7F57E8005D7760 /* Debug */ = {
			isa = XCBuildConfiguration;
			baseConfigurationReference = 413DB7CC1C7F58E30087FAC1 /* ToolOSX.xcconfig */;
			buildSettings = {
				DEPENDENCIES_DIR = "$(PROJECT_DIR)/../../../dependencies";
				HEADER_SEARCH_PATHS = (
					"$(DEPENDENCIES_DIR)/include",
					/usr/local/include,
					"$(inherited)",
					"../../../build/Products/$(CONFIGURATION)/usr/local/include",
				);
				PRODUCT_NAME = "$(TARGET_NAME)";
			};
			name = Debug;
		};
		4146A5861C7F57E8005D7760 /* Release */ = {
			isa = XCBuildConfiguration;
			baseConfigurationReference = 413DB7CC1C7F58E30087FAC1 /* ToolOSX.xcconfig */;
			buildSettings = {
				DEPENDENCIES_DIR = "$(PROJECT_DIR)/../../../dependencies";
				HEADER_SEARCH_PATHS = (
					../../build/Producr,
					"../../../$(DEPENDENCIES_DIR)/include",
					/usr/local/include,
					"$(inherited)",
					"../../../build/Products/$(CONFIGURATION)/usr/local/include",
				);
				PRODUCT_NAME = "$(TARGET_NAME)";
			};
			name = Release;
		};
/* End XCBuildConfiguration section */

/* Begin XCConfigurationList section */
		4146A5781C7F57E8005D7760 /* Build configuration list for PBXProject "inheritance" */ = {
			isa = XCConfigurationList;
			buildConfigurations = (
				4146A5821C7F57E8005D7760 /* Debug */,
				4146A5831C7F57E8005D7760 /* Release */,
			);
			defaultConfigurationIsVisible = 0;
			defaultConfigurationName = Release;
		};
		4146A5841C7F57E8005D7760 /* Build configuration list for PBXNativeTarget "inheritance" */ = {
			isa = XCConfigurationList;
			buildConfigurations = (
				4146A5851C7F57E8005D7760 /* Debug */,
				4146A5861C7F57E8005D7760 /* Release */,
			);
			defaultConfigurationIsVisible = 0;
			defaultConfigurationName = Release;
		};
/* End XCConfigurationList section */
	};
	rootObject = 4146A5751C7F57E8005D7760 /* Project object */;
}
