// !$*UTF8*$!
{
	archiveVersion = 1;
	classes = {
	};
	objectVersion = 46;
	objects = {

/* Begin PBXAggregateTarget section */
		41B2CC711C512DD8006CA7BB /* Libraries */ = {
			isa = PBXAggregateTarget;
			buildConfigurationList = 41B2CC721C512DD8006CA7BB /* Build configuration list for PBXAggregateTarget "Libraries" */;
			buildPhases = (
			);
			dependencies = (
				41B2CC771C512DE5006CA7BB /* PBXTargetDependency */,
				41B2CC791C512DE5006CA7BB /* PBXTargetDependency */,
			);
			name = Libraries;
			productName = Libraries;
		};
/* End PBXAggregateTarget section */

/* Begin PBXBuildFile section */
		41013C2A1D3D08340033CD4A /* mulle_objc_kvccache.c in Sources */ = {isa = PBXBuildFile; fileRef = 41013C281D3D08340033CD4A /* mulle_objc_kvccache.c */; };
		41013C2B1D3D08340033CD4A /* mulle_objc_kvccache.h in Headers */ = {isa = PBXBuildFile; fileRef = 41013C291D3D08340033CD4A /* mulle_objc_kvccache.h */; settings = {ATTRIBUTES = (Public, ); }; };
		410E85131BDE798F00FF7BF2 /* mulle_objc_fastmethodtable.c in Sources */ = {isa = PBXBuildFile; fileRef = 410E85111BDE798F00FF7BF2 /* mulle_objc_fastmethodtable.c */; };
		410E85141BDE798F00FF7BF2 /* mulle_objc_fastmethodtable.h in Headers */ = {isa = PBXBuildFile; fileRef = 410E85121BDE798F00FF7BF2 /* mulle_objc_fastmethodtable.h */; settings = {ATTRIBUTES = (Public, ); }; };
		4111AFDA1D8049C100DFB901 /* mulle_objc_runtime_global.c in Sources */ = {isa = PBXBuildFile; fileRef = 4111AFD71D8049C100DFB901 /* mulle_objc_runtime_global.c */; };
		4111AFDB1D8049C100DFB901 /* mulle_objc_runtime_global.h in Headers */ = {isa = PBXBuildFile; fileRef = 4111AFD81D8049C100DFB901 /* mulle_objc_runtime_global.h */; settings = {ATTRIBUTES = (Public, ); }; };
		4111AFDC1D8049C100DFB901 /* mulle_objc_runtime_struct.h in Headers */ = {isa = PBXBuildFile; fileRef = 4111AFD91D8049C100DFB901 /* mulle_objc_runtime_struct.h */; settings = {ATTRIBUTES = (Public, ); }; };
		411727E01B7CC3420031BEB9 /* mulle_objc_ivarlist.c in Sources */ = {isa = PBXBuildFile; fileRef = 411727DE1B7CC3420031BEB9 /* mulle_objc_ivarlist.c */; };
		411727E11B7CC3420031BEB9 /* mulle_objc_ivarlist.h in Headers */ = {isa = PBXBuildFile; fileRef = 411727DF1B7CC3420031BEB9 /* mulle_objc_ivarlist.h */; settings = {ATTRIBUTES = (Public, ); }; };
		411E65501BA82FDA006A3902 /* mulle_objc_uniqueid.h in Headers */ = {isa = PBXBuildFile; fileRef = 411E654F1BA82F33006A3902 /* mulle_objc_uniqueid.h */; settings = {ATTRIBUTES = (Public, ); }; };
		411E65531BA83230006A3902 /* mulle_objc_cache.c in Sources */ = {isa = PBXBuildFile; fileRef = 411E65511BA8322F006A3902 /* mulle_objc_cache.c */; };
		411E65541BA83230006A3902 /* mulle_objc_cache.h in Headers */ = {isa = PBXBuildFile; fileRef = 411E65521BA83230006A3902 /* mulle_objc_cache.h */; settings = {ATTRIBUTES = (Public, ); }; };
		412002B71C5FBB0200ADFFE9 /* mulle_objc_fastclasstable.h in Headers */ = {isa = PBXBuildFile; fileRef = 412002941C5FA7DF00ADFFE9 /* mulle_objc_fastclasstable.h */; settings = {ATTRIBUTES = (Public, ); }; };
		41212A0F1E97BE3A0089F711 /* mulle_objc_classpair.c in Sources */ = {isa = PBXBuildFile; fileRef = 41212A0D1E97BE3A0089F711 /* mulle_objc_classpair.c */; };
		41212A101E97BE3A0089F711 /* mulle_objc_classpair.h in Headers */ = {isa = PBXBuildFile; fileRef = 41212A0E1E97BE3A0089F711 /* mulle_objc_classpair.h */; settings = {ATTRIBUTES = (Public, ); }; };
		41212A131E97BF3C0089F711 /* mulle_objc_infraclass.c in Sources */ = {isa = PBXBuildFile; fileRef = 41212A111E97BF3C0089F711 /* mulle_objc_infraclass.c */; };
		41212A141E97BF3C0089F711 /* mulle_objc_infraclass.h in Headers */ = {isa = PBXBuildFile; fileRef = 41212A121E97BF3C0089F711 /* mulle_objc_infraclass.h */; settings = {ATTRIBUTES = (Public, ); }; };
		41212A171E97BF4B0089F711 /* mulle_objc_metaclass.c in Sources */ = {isa = PBXBuildFile; fileRef = 41212A151E97BF4B0089F711 /* mulle_objc_metaclass.c */; };
		41212A181E97BF4B0089F711 /* mulle_objc_metaclass.h in Headers */ = {isa = PBXBuildFile; fileRef = 41212A161E97BF4B0089F711 /* mulle_objc_metaclass.h */; settings = {ATTRIBUTES = (Public, ); }; };
		41212A221E97DAAA0089F711 /* mulle_objc_class_struct.h in Headers */ = {isa = PBXBuildFile; fileRef = 41212A211E97DAAA0089F711 /* mulle_objc_class_struct.h */; settings = {ATTRIBUTES = (Public, ); }; };
		41212A241E97DC6A0089F711 /* mulle_objc_walktypes.h in Headers */ = {isa = PBXBuildFile; fileRef = 41212A231E97DC6A0089F711 /* mulle_objc_walktypes.h */; settings = {ATTRIBUTES = (Public, ); }; };
		4124009E1AB0652A00D56278 /* mulle_objc_method.h in Headers */ = {isa = PBXBuildFile; fileRef = 416BA7801A1908B8002F603A /* mulle_objc_method.h */; settings = {ATTRIBUTES = (Public, ); }; };
		4124009F1AB0653200D56278 /* mulle_objc_load.h in Headers */ = {isa = PBXBuildFile; fileRef = 4147BDCA1A1CA4ED00AE8831 /* mulle_objc_load.h */; settings = {ATTRIBUTES = (Public, ); }; };
		412400A01AB0654400D56278 /* mulle_objc_callqueue.h in Headers */ = {isa = PBXBuildFile; fileRef = 41978C351A1DF8C300DAFA51 /* mulle_objc_callqueue.h */; settings = {ATTRIBUTES = (Public, ); }; };
		4137D8411C724E6C00102D35 /* mulle_objc_fastenumeration.c in Sources */ = {isa = PBXBuildFile; fileRef = 4137D83F1C724E6C00102D35 /* mulle_objc_fastenumeration.c */; };
		4137D8421C724E6C00102D35 /* mulle_objc_fastenumeration.h in Headers */ = {isa = PBXBuildFile; fileRef = 4137D8401C724E6C00102D35 /* mulle_objc_fastenumeration.h */; settings = {ATTRIBUTES = (Public, ); }; };
		4138D0E31CC6704B00940B7B /* main.c in Sources */ = {isa = PBXBuildFile; fileRef = 4138D0E21CC6704B00940B7B /* main.c */; };
		4138D0F01CC6716A00940B7B /* mulle_objc_fnv1.c in Sources */ = {isa = PBXBuildFile; fileRef = 41E8B0591CC6324700D1F169 /* mulle_objc_fnv1.c */; };
		4138D0F11CC6727B00940B7B /* mulle_objc_uniqueid.c in Sources */ = {isa = PBXBuildFile; fileRef = 41A2882E1C65597A00BBA54E /* mulle_objc_uniqueid.c */; };
		4145BDFD1BDCDFED00C42630 /* mulle_objc_dotdump.c in Sources */ = {isa = PBXBuildFile; fileRef = 4145BDFB1BDCDFED00C42630 /* mulle_objc_dotdump.c */; };
		4145BDFE1BDCDFED00C42630 /* mulle_objc_dotdump.h in Headers */ = {isa = PBXBuildFile; fileRef = 4145BDFC1BDCDFED00C42630 /* mulle_objc_dotdump.h */; settings = {ATTRIBUTES = (Public, ); }; };
		4147BDC91A1CA4E100AE8831 /* mulle_objc_load.c in Sources */ = {isa = PBXBuildFile; fileRef = 4147BDC81A1CA4E100AE8831 /* mulle_objc_load.c */; };
		4154F1651AA20D9B004B7259 /* mulle_objc_signature.c in Sources */ = {isa = PBXBuildFile; fileRef = 4154F1631AA20D9B004B7259 /* mulle_objc_signature.c */; };
		4154F1661AA20D9B004B7259 /* mulle_objc_signature.h in Headers */ = {isa = PBXBuildFile; fileRef = 4154F1641AA20D9B004B7259 /* mulle_objc_signature.h */; settings = {ATTRIBUTES = (Public, ); }; };
		4158AC8E1A1A01AB007F2A2D /* mulle_objc_class.c in Sources */ = {isa = PBXBuildFile; fileRef = 416BA77A1A1902AE002F603A /* mulle_objc_class.c */; };
		4158AC8F1A1A01AB007F2A2D /* mulle_objc_method.c in Sources */ = {isa = PBXBuildFile; fileRef = 416BA7851A198BE1002F603A /* mulle_objc_method.c */; };
		4158AC901A1A01AB007F2A2D /* mulle_objc_call.c in Sources */ = {isa = PBXBuildFile; fileRef = 416BA77E1A190451002F603A /* mulle_objc_call.c */; };
		4158AC921A1A01AB007F2A2D /* mulle_objc_retain_release.c in Sources */ = {isa = PBXBuildFile; fileRef = 416BA7761A19018D002F603A /* mulle_objc_retain_release.c */; };
		4158AC931A1A01BD007F2A2D /* mulle_objc_runtime.h in Headers */ = {isa = PBXBuildFile; fileRef = 416BA7741A190089002F603A /* mulle_objc_runtime.h */; settings = {ATTRIBUTES = (Public, ); }; };
		4158AC941A1A01BD007F2A2D /* mulle_objc_class.h in Headers */ = {isa = PBXBuildFile; fileRef = 416BA7791A19028F002F603A /* mulle_objc_class.h */; settings = {ATTRIBUTES = (Public, ); }; };
		4158AC961A1A01BD007F2A2D /* mulle_objc_object.h in Headers */ = {isa = PBXBuildFile; fileRef = 416BA77C1A190332002F603A /* mulle_objc_object.h */; settings = {ATTRIBUTES = (Public, ); }; };
		4158AC971A1A01BD007F2A2D /* mulle_objc_call.h in Headers */ = {isa = PBXBuildFile; fileRef = 416BA77D1A190384002F603A /* mulle_objc_call.h */; settings = {ATTRIBUTES = (Public, ); }; };
		4158AC991A1A01BD007F2A2D /* mulle_objc_retain_release.h in Headers */ = {isa = PBXBuildFile; fileRef = 416BA7751A19017C002F603A /* mulle_objc_retain_release.h */; settings = {ATTRIBUTES = (Public, ); }; };
		416688C41C53E285005F4E3E /* mulle_objc_propertylist.c in Sources */ = {isa = PBXBuildFile; fileRef = 416688C21C53E285005F4E3E /* mulle_objc_propertylist.c */; };
		416688C51C53E285005F4E3E /* mulle_objc_propertylist.h in Headers */ = {isa = PBXBuildFile; fileRef = 416688C31C53E285005F4E3E /* mulle_objc_propertylist.h */; settings = {ATTRIBUTES = (Public, ); }; };
		416A75301AAFA1A400A5F511 /* mulle_objc_methodlist.c in Sources */ = {isa = PBXBuildFile; fileRef = 416A752E1AAFA1A400A5F511 /* mulle_objc_methodlist.c */; };
		416A75311AAFA1A400A5F511 /* mulle_objc_methodlist.h in Headers */ = {isa = PBXBuildFile; fileRef = 416A752F1AAFA1A400A5F511 /* mulle_objc_methodlist.h */; settings = {ATTRIBUTES = (Public, ); }; };
		4170296B1C528A64001B2693 /* mulle_objc_try_catch_finally.c in Sources */ = {isa = PBXBuildFile; fileRef = 417029691C528A64001B2693 /* mulle_objc_try_catch_finally.c */; };
		4170296C1C528A64001B2693 /* mulle_objc_try_catch_finally.h in Headers */ = {isa = PBXBuildFile; fileRef = 4170296A1C528A64001B2693 /* mulle_objc_try_catch_finally.h */; settings = {ATTRIBUTES = (Public, ); }; };
		4177A9631D3252C6007DC3D8 /* mulle_objc.h in Headers */ = {isa = PBXBuildFile; fileRef = 4177A9621D3252C6007DC3D8 /* mulle_objc.h */; settings = {ATTRIBUTES = (Public, ); }; };
		4177A9651D325AAE007DC3D8 /* mulle_objc_objectheader.h in Headers */ = {isa = PBXBuildFile; fileRef = 4177A9641D325AAE007DC3D8 /* mulle_objc_objectheader.h */; settings = {ATTRIBUTES = (Public, ); }; };
		4177A9671D325C93007DC3D8 /* mulle_objc_class_convenience.h in Headers */ = {isa = PBXBuildFile; fileRef = 4177A9661D325C93007DC3D8 /* mulle_objc_class_convenience.h */; settings = {ATTRIBUTES = (Public, ); }; };
		4177A96A1D325DA6007DC3D8 /* mulle_objc_class_runtime.c in Sources */ = {isa = PBXBuildFile; fileRef = 4177A9681D325DA6007DC3D8 /* mulle_objc_class_runtime.c */; };
		4177A96B1D325DA6007DC3D8 /* mulle_objc_class_runtime.h in Headers */ = {isa = PBXBuildFile; fileRef = 4177A9691D325DA6007DC3D8 /* mulle_objc_class_runtime.h */; settings = {ATTRIBUTES = (Public, ); }; };
		4177A96D1D325E77007DC3D8 /* mulle_objc_version.h in Headers */ = {isa = PBXBuildFile; fileRef = 4177A96C1D325E77007DC3D8 /* mulle_objc_version.h */; settings = {ATTRIBUTES = (Public, ); }; };
		4177A96F1D326129007DC3D8 /* mulle_objc_atomicpointer.h in Headers */ = {isa = PBXBuildFile; fileRef = 4177A96E1D326129007DC3D8 /* mulle_objc_atomicpointer.h */; settings = {ATTRIBUTES = (Public, ); }; };
		41837DCD1C845B5A00DA9F1D /* libmulle_test_allocator.a in Frameworks */ = {isa = PBXBuildFile; fileRef = 41837DCC1C845B5A00DA9F1D /* libmulle_test_allocator.a */; };
		4184C4791C8DC0BC004CED2F /* libmulle_concurrent.a in Frameworks */ = {isa = PBXBuildFile; fileRef = 4184C4781C8DC0BC004CED2F /* libmulle_concurrent.a */; };
		4188ADDF1D37B7E900926C82 /* mulle_objc_taggedpointer.h in Headers */ = {isa = PBXBuildFile; fileRef = 4188ADDE1D37B7E900926C82 /* mulle_objc_taggedpointer.h */; settings = {ATTRIBUTES = (Public, ); }; };
		418AAD411ECB193300A2DB18 /* mulle_objc_csvdump.c in Sources */ = {isa = PBXBuildFile; fileRef = 418AAD3F1ECB193300A2DB18 /* mulle_objc_csvdump.c */; };
		418AAD421ECB193300A2DB18 /* mulle_objc_csvdump.h in Headers */ = {isa = PBXBuildFile; fileRef = 418AAD401ECB193300A2DB18 /* mulle_objc_csvdump.h */; };
		41978C341A1DF39600DAFA51 /* mulle_objc_callqueue.c in Sources */ = {isa = PBXBuildFile; fileRef = 41978C331A1DF39600DAFA51 /* mulle_objc_callqueue.c */; };
		41A2882F1C65597A00BBA54E /* mulle_objc_uniqueid.c in Sources */ = {isa = PBXBuildFile; fileRef = 41A2882E1C65597A00BBA54E /* mulle_objc_uniqueid.c */; };
		41A41E431AB0908000A92452 /* mulle_objc_object_convenience.h in Headers */ = {isa = PBXBuildFile; fileRef = 41A41E421AB0908000A92452 /* mulle_objc_object_convenience.h */; settings = {ATTRIBUTES = (Public, ); }; };
		41A827681AADAE490017BE29 /* mulle_objc_runtime.c in Sources */ = {isa = PBXBuildFile; fileRef = 41A827671AADAE490017BE29 /* mulle_objc_runtime.c */; };
		41A963BB1CE2368E00412367 /* mulle_objc_htmldump.c in Sources */ = {isa = PBXBuildFile; fileRef = 41A963B91CE2368E00412367 /* mulle_objc_htmldump.c */; };
		41A963BC1CE2368E00412367 /* mulle_objc_htmldump.h in Headers */ = {isa = PBXBuildFile; fileRef = 41A963BA1CE2368E00412367 /* mulle_objc_htmldump.h */; settings = {ATTRIBUTES = (Public, ); }; };
		41A963C11CE2484100412367 /* mulle_objc_html.c in Sources */ = {isa = PBXBuildFile; fileRef = 41A963BF1CE237AF00412367 /* mulle_objc_html.c */; };
		41B2CC691C512BCF006CA7BB /* libmulle_objc.a in Frameworks */ = {isa = PBXBuildFile; fileRef = 4158AC8A1A1A0180007F2A2D /* libmulle_objc.a */; };
		41B2CC6A1C512BD6006CA7BB /* libmulle_aba.a in Frameworks */ = {isa = PBXBuildFile; fileRef = 4170B7031BDD2E35008614DC /* libmulle_aba.a */; };
		41B2CC6D1C512C4A006CA7BB /* libmulle_allocator.a in Frameworks */ = {isa = PBXBuildFile; fileRef = 41B2CC6C1C512C4A006CA7BB /* libmulle_allocator.a */; };
		41B2CC7B1C512EBC006CA7BB /* mulle_objc_standalone.c in Sources */ = {isa = PBXBuildFile; fileRef = 41B2CC7A1C512EBC006CA7BB /* mulle_objc_standalone.c */; };
		41B427B71C5A869500CCEB37 /* mulle_objc_builtin.h in Headers */ = {isa = PBXBuildFile; fileRef = 41B427B61C5A869500CCEB37 /* mulle_objc_builtin.h */; settings = {ATTRIBUTES = (Public, ); }; };
		41D529FF1B7AA4EF00F53814 /* mulle_objc_ivar.c in Sources */ = {isa = PBXBuildFile; fileRef = 41D529FD1B7AA4EF00F53814 /* mulle_objc_ivar.c */; };
		41D52A001B7AA4EF00F53814 /* mulle_objc_ivar.h in Headers */ = {isa = PBXBuildFile; fileRef = 41D529FE1B7AA4EF00F53814 /* mulle_objc_ivar.h */; settings = {ATTRIBUTES = (Public, ); }; };
		41E8B05B1CC6324700D1F169 /* mulle_objc_fnv1.c in Sources */ = {isa = PBXBuildFile; fileRef = 41E8B0591CC6324700D1F169 /* mulle_objc_fnv1.c */; };
		41E8B05C1CC6324700D1F169 /* mulle_objc_fnv1.h in Headers */ = {isa = PBXBuildFile; fileRef = 41E8B05A1CC6324700D1F169 /* mulle_objc_fnv1.h */; settings = {ATTRIBUTES = (Public, ); }; };
		41F6ADC91AA8658600CAA0B5 /* mulle_objc_property.c in Sources */ = {isa = PBXBuildFile; fileRef = 41F6ADC71AA8658600CAA0B5 /* mulle_objc_property.c */; };
		41F6ADCA1AA8658600CAA0B5 /* mulle_objc_property.h in Headers */ = {isa = PBXBuildFile; fileRef = 41F6ADC81AA8658600CAA0B5 /* mulle_objc_property.h */; settings = {ATTRIBUTES = (Public, ); }; };
/* End PBXBuildFile section */

/* Begin PBXContainerItemProxy section */
		41B2CC671C512BC9006CA7BB /* PBXContainerItemProxy */ = {
			isa = PBXContainerItemProxy;
			containerPortal = 413C8AC21A17A0A700BA0630 /* Project object */;
			proxyType = 1;
			remoteGlobalIDString = 4158AC891A1A0180007F2A2D;
			remoteInfo = mulle_objc_runtime;
		};
		41B2CC761C512DE5006CA7BB /* PBXContainerItemProxy */ = {
			isa = PBXContainerItemProxy;
			containerPortal = 413C8AC21A17A0A700BA0630 /* Project object */;
			proxyType = 1;
			remoteGlobalIDString = 4158AC891A1A0180007F2A2D;
			remoteInfo = mulle_objc_runtime;
		};
		41B2CC781C512DE5006CA7BB /* PBXContainerItemProxy */ = {
			isa = PBXContainerItemProxy;
			containerPortal = 413C8AC21A17A0A700BA0630 /* Project object */;
			proxyType = 1;
			remoteGlobalIDString = 41B2CC611C512BBD006CA7BB;
			remoteInfo = mulle_objc_standalone_runtime;
		};
/* End PBXContainerItemProxy section */

/* Begin PBXCopyFilesBuildPhase section */
		4138D0DE1CC6704B00940B7B /* CopyFiles */ = {
			isa = PBXCopyFilesBuildPhase;
			buildActionMask = 2147483647;
			dstPath = /usr/share/man/man1/;
			dstSubfolderSpec = 0;
			files = (
			);
			runOnlyForDeploymentPostprocessing = 1;
		};
/* End PBXCopyFilesBuildPhase section */

/* Begin PBXFileReference section */
		41013C281D3D08340033CD4A /* mulle_objc_kvccache.c */ = {isa = PBXFileReference; fileEncoding = 4; lastKnownFileType = sourcecode.c.c; path = mulle_objc_kvccache.c; sourceTree = "<group>"; };
		41013C291D3D08340033CD4A /* mulle_objc_kvccache.h */ = {isa = PBXFileReference; fileEncoding = 4; lastKnownFileType = sourcecode.c.h; path = mulle_objc_kvccache.h; sourceTree = "<group>"; };
		410E85111BDE798F00FF7BF2 /* mulle_objc_fastmethodtable.c */ = {isa = PBXFileReference; fileEncoding = 4; lastKnownFileType = sourcecode.c.c; path = mulle_objc_fastmethodtable.c; sourceTree = "<group>"; };
		410E85121BDE798F00FF7BF2 /* mulle_objc_fastmethodtable.h */ = {isa = PBXFileReference; fileEncoding = 4; lastKnownFileType = sourcecode.c.h; path = mulle_objc_fastmethodtable.h; sourceTree = "<group>"; };
		4111AFD71D8049C100DFB901 /* mulle_objc_runtime_global.c */ = {isa = PBXFileReference; fileEncoding = 4; lastKnownFileType = sourcecode.c.c; path = mulle_objc_runtime_global.c; sourceTree = "<group>"; };
		4111AFD81D8049C100DFB901 /* mulle_objc_runtime_global.h */ = {isa = PBXFileReference; fileEncoding = 4; lastKnownFileType = sourcecode.c.h; path = mulle_objc_runtime_global.h; sourceTree = "<group>"; };
		4111AFD91D8049C100DFB901 /* mulle_objc_runtime_struct.h */ = {isa = PBXFileReference; fileEncoding = 4; lastKnownFileType = sourcecode.c.h; path = mulle_objc_runtime_struct.h; sourceTree = "<group>"; };
		411727DE1B7CC3420031BEB9 /* mulle_objc_ivarlist.c */ = {isa = PBXFileReference; fileEncoding = 4; lastKnownFileType = sourcecode.c.c; path = mulle_objc_ivarlist.c; sourceTree = "<group>"; };
		411727DF1B7CC3420031BEB9 /* mulle_objc_ivarlist.h */ = {isa = PBXFileReference; fileEncoding = 4; lastKnownFileType = sourcecode.c.h; path = mulle_objc_ivarlist.h; sourceTree = "<group>"; };
		411BF65D1AA7813900DB63AB /* README.md */ = {isa = PBXFileReference; fileEncoding = 4; lastKnownFileType = net.daringfireball.markdown; path = README.md; sourceTree = "<group>"; };
		411BF65F1AA781AE00DB63AB /* CMakeLists.txt */ = {isa = PBXFileReference; lastKnownFileType = text; path = CMakeLists.txt; sourceTree = "<group>"; };
		411E654F1BA82F33006A3902 /* mulle_objc_uniqueid.h */ = {isa = PBXFileReference; lastKnownFileType = sourcecode.c.h; path = mulle_objc_uniqueid.h; sourceTree = "<group>"; };
		411E65511BA8322F006A3902 /* mulle_objc_cache.c */ = {isa = PBXFileReference; fileEncoding = 4; lastKnownFileType = sourcecode.c.c; path = mulle_objc_cache.c; sourceTree = "<group>"; };
		411E65521BA83230006A3902 /* mulle_objc_cache.h */ = {isa = PBXFileReference; fileEncoding = 4; lastKnownFileType = sourcecode.c.h; path = mulle_objc_cache.h; sourceTree = "<group>"; };
		412002941C5FA7DF00ADFFE9 /* mulle_objc_fastclasstable.h */ = {isa = PBXFileReference; lastKnownFileType = sourcecode.c.h; path = mulle_objc_fastclasstable.h; sourceTree = "<group>"; };
		41212A0D1E97BE3A0089F711 /* mulle_objc_classpair.c */ = {isa = PBXFileReference; fileEncoding = 4; lastKnownFileType = sourcecode.c.c; path = mulle_objc_classpair.c; sourceTree = "<group>"; };
		41212A0E1E97BE3A0089F711 /* mulle_objc_classpair.h */ = {isa = PBXFileReference; fileEncoding = 4; lastKnownFileType = sourcecode.c.h; path = mulle_objc_classpair.h; sourceTree = "<group>"; };
		41212A111E97BF3C0089F711 /* mulle_objc_infraclass.c */ = {isa = PBXFileReference; fileEncoding = 4; lastKnownFileType = sourcecode.c.c; path = mulle_objc_infraclass.c; sourceTree = "<group>"; };
		41212A121E97BF3C0089F711 /* mulle_objc_infraclass.h */ = {isa = PBXFileReference; fileEncoding = 4; lastKnownFileType = sourcecode.c.h; path = mulle_objc_infraclass.h; sourceTree = "<group>"; };
		41212A151E97BF4B0089F711 /* mulle_objc_metaclass.c */ = {isa = PBXFileReference; fileEncoding = 4; lastKnownFileType = sourcecode.c.c; path = mulle_objc_metaclass.c; sourceTree = "<group>"; };
		41212A161E97BF4B0089F711 /* mulle_objc_metaclass.h */ = {isa = PBXFileReference; fileEncoding = 4; lastKnownFileType = sourcecode.c.h; path = mulle_objc_metaclass.h; sourceTree = "<group>"; };
		41212A211E97DAAA0089F711 /* mulle_objc_class_struct.h */ = {isa = PBXFileReference; fileEncoding = 4; lastKnownFileType = sourcecode.c.h; path = mulle_objc_class_struct.h; sourceTree = "<group>"; };
		41212A231E97DC6A0089F711 /* mulle_objc_walktypes.h */ = {isa = PBXFileReference; fileEncoding = 4; lastKnownFileType = sourcecode.c.h; path = mulle_objc_walktypes.h; sourceTree = "<group>"; };
		4137D83F1C724E6C00102D35 /* mulle_objc_fastenumeration.c */ = {isa = PBXFileReference; fileEncoding = 4; lastKnownFileType = sourcecode.c.c; path = mulle_objc_fastenumeration.c; sourceTree = "<group>"; };
		4137D8401C724E6C00102D35 /* mulle_objc_fastenumeration.h */ = {isa = PBXFileReference; fileEncoding = 4; lastKnownFileType = sourcecode.c.h; path = mulle_objc_fastenumeration.h; sourceTree = "<group>"; };
		4138D0E01CC6704B00940B7B /* mulle-objc-uniqueid */ = {isa = PBXFileReference; explicitFileType = "compiled.mach-o.executable"; includeInIndex = 0; path = "mulle-objc-uniqueid"; sourceTree = BUILT_PRODUCTS_DIR; };
		4138D0E21CC6704B00940B7B /* main.c */ = {isa = PBXFileReference; lastKnownFileType = sourcecode.c.c; path = main.c; sourceTree = "<group>"; };
		4145BDFB1BDCDFED00C42630 /* mulle_objc_dotdump.c */ = {isa = PBXFileReference; fileEncoding = 4; lastKnownFileType = sourcecode.c.c; path = mulle_objc_dotdump.c; sourceTree = "<group>"; };
		4145BDFC1BDCDFED00C42630 /* mulle_objc_dotdump.h */ = {isa = PBXFileReference; fileEncoding = 4; lastKnownFileType = sourcecode.c.h; path = mulle_objc_dotdump.h; sourceTree = "<group>"; };
		4147BDC81A1CA4E100AE8831 /* mulle_objc_load.c */ = {isa = PBXFileReference; fileEncoding = 4; lastKnownFileType = sourcecode.c.c; path = mulle_objc_load.c; sourceTree = "<group>"; };
		4147BDCA1A1CA4ED00AE8831 /* mulle_objc_load.h */ = {isa = PBXFileReference; lastKnownFileType = sourcecode.c.h; path = mulle_objc_load.h; sourceTree = "<group>"; };
		4154F1631AA20D9B004B7259 /* mulle_objc_signature.c */ = {isa = PBXFileReference; fileEncoding = 4; lastKnownFileType = sourcecode.c.c; path = mulle_objc_signature.c; sourceTree = "<group>"; };
		4154F1641AA20D9B004B7259 /* mulle_objc_signature.h */ = {isa = PBXFileReference; fileEncoding = 4; lastKnownFileType = sourcecode.c.h; path = mulle_objc_signature.h; sourceTree = "<group>"; };
		4158AC8A1A1A0180007F2A2D /* libmulle_objc.a */ = {isa = PBXFileReference; explicitFileType = "compiled.mach-o.dylib"; includeInIndex = 0; path = libmulle_objc.a; sourceTree = BUILT_PRODUCTS_DIR; };
		415A0A031C4E6E9A00290E05 /* Common.xcconfig */ = {isa = PBXFileReference; lastKnownFileType = text.xcconfig; path = Common.xcconfig; sourceTree = "<group>"; };
		415A0A041C4E6E9A00290E05 /* Debug.xcconfig */ = {isa = PBXFileReference; lastKnownFileType = text.xcconfig; path = Debug.xcconfig; sourceTree = "<group>"; };
		415A0A051C4E6E9A00290E05 /* IOS.xcconfig */ = {isa = PBXFileReference; lastKnownFileType = text.xcconfig; path = IOS.xcconfig; sourceTree = "<group>"; };
		415A0A061C4E6E9A00290E05 /* OSX.xcconfig */ = {isa = PBXFileReference; lastKnownFileType = text.xcconfig; path = OSX.xcconfig; sourceTree = "<group>"; };
		415A0A081C4E6E9A00290E05 /* Release.xcconfig */ = {isa = PBXFileReference; lastKnownFileType = text.xcconfig; path = Release.xcconfig; sourceTree = "<group>"; };
		415A0A091C4E6E9A00290E05 /* StaticLibrary.xcconfig */ = {isa = PBXFileReference; lastKnownFileType = text.xcconfig; path = StaticLibrary.xcconfig; sourceTree = "<group>"; };
		415A0A0A1C4E6E9A00290E05 /* StaticLibraryIOS.xcconfig */ = {isa = PBXFileReference; lastKnownFileType = text.xcconfig; path = StaticLibraryIOS.xcconfig; sourceTree = "<group>"; };
		415A0A0B1C4E6E9A00290E05 /* StaticLibraryOSX.xcconfig */ = {isa = PBXFileReference; lastKnownFileType = text.xcconfig; path = StaticLibraryOSX.xcconfig; sourceTree = "<group>"; };
		415A0A0C1C4E6E9A00290E05 /* ToolOSX.xcconfig */ = {isa = PBXFileReference; lastKnownFileType = text.xcconfig; path = ToolOSX.xcconfig; sourceTree = "<group>"; };
		415A0A0D1C4E6E9A00290E05 /* _Common.xcconfig */ = {isa = PBXFileReference; lastKnownFileType = text.xcconfig; path = _Common.xcconfig; sourceTree = "<group>"; };
		416688C21C53E285005F4E3E /* mulle_objc_propertylist.c */ = {isa = PBXFileReference; fileEncoding = 4; lastKnownFileType = sourcecode.c.c; path = mulle_objc_propertylist.c; sourceTree = "<group>"; };
		416688C31C53E285005F4E3E /* mulle_objc_propertylist.h */ = {isa = PBXFileReference; fileEncoding = 4; lastKnownFileType = sourcecode.c.h; path = mulle_objc_propertylist.h; sourceTree = "<group>"; };
		416A752E1AAFA1A400A5F511 /* mulle_objc_methodlist.c */ = {isa = PBXFileReference; fileEncoding = 4; lastKnownFileType = sourcecode.c.c; path = mulle_objc_methodlist.c; sourceTree = "<group>"; };
		416A752F1AAFA1A400A5F511 /* mulle_objc_methodlist.h */ = {isa = PBXFileReference; fileEncoding = 4; lastKnownFileType = sourcecode.c.h; path = mulle_objc_methodlist.h; sourceTree = "<group>"; };
		416BA7741A190089002F603A /* mulle_objc_runtime.h */ = {isa = PBXFileReference; lastKnownFileType = sourcecode.c.h; path = mulle_objc_runtime.h; sourceTree = "<group>"; };
		416BA7751A19017C002F603A /* mulle_objc_retain_release.h */ = {isa = PBXFileReference; lastKnownFileType = sourcecode.c.h; path = mulle_objc_retain_release.h; sourceTree = "<group>"; };
		416BA7761A19018D002F603A /* mulle_objc_retain_release.c */ = {isa = PBXFileReference; fileEncoding = 4; lastKnownFileType = sourcecode.c.c; path = mulle_objc_retain_release.c; sourceTree = "<group>"; };
		416BA7791A19028F002F603A /* mulle_objc_class.h */ = {isa = PBXFileReference; lastKnownFileType = sourcecode.c.h; path = mulle_objc_class.h; sourceTree = "<group>"; };
		416BA77A1A1902AE002F603A /* mulle_objc_class.c */ = {isa = PBXFileReference; fileEncoding = 4; lastKnownFileType = sourcecode.c.c; path = mulle_objc_class.c; sourceTree = "<group>"; };
		416BA77C1A190332002F603A /* mulle_objc_object.h */ = {isa = PBXFileReference; lastKnownFileType = sourcecode.c.h; path = mulle_objc_object.h; sourceTree = "<group>"; };
		416BA77D1A190384002F603A /* mulle_objc_call.h */ = {isa = PBXFileReference; lastKnownFileType = sourcecode.c.h; path = mulle_objc_call.h; sourceTree = "<group>"; };
		416BA77E1A190451002F603A /* mulle_objc_call.c */ = {isa = PBXFileReference; fileEncoding = 4; lastKnownFileType = sourcecode.c.c; path = mulle_objc_call.c; sourceTree = "<group>"; };
		416BA7801A1908B8002F603A /* mulle_objc_method.h */ = {isa = PBXFileReference; lastKnownFileType = sourcecode.c.h; path = mulle_objc_method.h; sourceTree = "<group>"; };
		416BA7851A198BE1002F603A /* mulle_objc_method.c */ = {isa = PBXFileReference; fileEncoding = 4; lastKnownFileType = sourcecode.c.c; path = mulle_objc_method.c; sourceTree = "<group>"; };
		417029691C528A64001B2693 /* mulle_objc_try_catch_finally.c */ = {isa = PBXFileReference; fileEncoding = 4; lastKnownFileType = sourcecode.c.c; path = mulle_objc_try_catch_finally.c; sourceTree = "<group>"; };
		4170296A1C528A64001B2693 /* mulle_objc_try_catch_finally.h */ = {isa = PBXFileReference; fileEncoding = 4; lastKnownFileType = sourcecode.c.h; path = mulle_objc_try_catch_finally.h; sourceTree = "<group>"; };
		4170B7031BDD2E35008614DC /* libmulle_aba.a */ = {isa = PBXFileReference; lastKnownFileType = archive.ar; name = libmulle_aba.a; path = dependencies/lib/Release/libmulle_aba.a; sourceTree = "<group>"; };
		4177A9621D3252C6007DC3D8 /* mulle_objc.h */ = {isa = PBXFileReference; fileEncoding = 4; lastKnownFileType = sourcecode.c.h; path = mulle_objc.h; sourceTree = "<group>"; };
		4177A9641D325AAE007DC3D8 /* mulle_objc_objectheader.h */ = {isa = PBXFileReference; fileEncoding = 4; lastKnownFileType = sourcecode.c.h; path = mulle_objc_objectheader.h; sourceTree = "<group>"; };
		4177A9661D325C93007DC3D8 /* mulle_objc_class_convenience.h */ = {isa = PBXFileReference; fileEncoding = 4; lastKnownFileType = sourcecode.c.h; path = mulle_objc_class_convenience.h; sourceTree = "<group>"; };
		4177A9681D325DA6007DC3D8 /* mulle_objc_class_runtime.c */ = {isa = PBXFileReference; fileEncoding = 4; lastKnownFileType = sourcecode.c.c; path = mulle_objc_class_runtime.c; sourceTree = "<group>"; };
		4177A9691D325DA6007DC3D8 /* mulle_objc_class_runtime.h */ = {isa = PBXFileReference; fileEncoding = 4; lastKnownFileType = sourcecode.c.h; path = mulle_objc_class_runtime.h; sourceTree = "<group>"; };
		4177A96C1D325E77007DC3D8 /* mulle_objc_version.h */ = {isa = PBXFileReference; fileEncoding = 4; lastKnownFileType = sourcecode.c.h; path = mulle_objc_version.h; sourceTree = "<group>"; };
		4177A96E1D326129007DC3D8 /* mulle_objc_atomicpointer.h */ = {isa = PBXFileReference; fileEncoding = 4; lastKnownFileType = sourcecode.c.h; path = mulle_objc_atomicpointer.h; sourceTree = "<group>"; };
		41837DCC1C845B5A00DA9F1D /* libmulle_test_allocator.a */ = {isa = PBXFileReference; lastKnownFileType = archive.ar; name = libmulle_test_allocator.a; path = dependencies/lib/Debug/libmulle_test_allocator.a; sourceTree = "<group>"; };
		4184C4781C8DC0BC004CED2F /* libmulle_concurrent.a */ = {isa = PBXFileReference; lastKnownFileType = archive.ar; name = libmulle_concurrent.a; path = dependencies/lib/Debug/libmulle_concurrent.a; sourceTree = "<group>"; };
		4188ADDE1D37B7E900926C82 /* mulle_objc_taggedpointer.h */ = {isa = PBXFileReference; fileEncoding = 4; lastKnownFileType = sourcecode.c.h; path = mulle_objc_taggedpointer.h; sourceTree = "<group>"; };
		418AAD3F1ECB193300A2DB18 /* mulle_objc_csvdump.c */ = {isa = PBXFileReference; fileEncoding = 4; lastKnownFileType = sourcecode.c.c; path = mulle_objc_csvdump.c; sourceTree = "<group>"; };
		418AAD401ECB193300A2DB18 /* mulle_objc_csvdump.h */ = {isa = PBXFileReference; fileEncoding = 4; lastKnownFileType = sourcecode.c.h; path = mulle_objc_csvdump.h; sourceTree = "<group>"; };
		41978C331A1DF39600DAFA51 /* mulle_objc_callqueue.c */ = {isa = PBXFileReference; fileEncoding = 4; lastKnownFileType = sourcecode.c.c; path = mulle_objc_callqueue.c; sourceTree = "<group>"; };
		41978C351A1DF8C300DAFA51 /* mulle_objc_callqueue.h */ = {isa = PBXFileReference; lastKnownFileType = sourcecode.c.h; path = mulle_objc_callqueue.h; sourceTree = "<group>"; };
		41A2882E1C65597A00BBA54E /* mulle_objc_uniqueid.c */ = {isa = PBXFileReference; fileEncoding = 4; lastKnownFileType = sourcecode.c.c; path = mulle_objc_uniqueid.c; sourceTree = "<group>"; };
		41A41E421AB0908000A92452 /* mulle_objc_object_convenience.h */ = {isa = PBXFileReference; fileEncoding = 4; lastKnownFileType = sourcecode.c.h; path = mulle_objc_object_convenience.h; sourceTree = "<group>"; };
		41A827671AADAE490017BE29 /* mulle_objc_runtime.c */ = {isa = PBXFileReference; fileEncoding = 4; lastKnownFileType = sourcecode.c.c; path = mulle_objc_runtime.c; sourceTree = "<group>"; };
		41A963B91CE2368E00412367 /* mulle_objc_htmldump.c */ = {isa = PBXFileReference; fileEncoding = 4; lastKnownFileType = sourcecode.c.c; path = mulle_objc_htmldump.c; sourceTree = "<group>"; };
		41A963BA1CE2368E00412367 /* mulle_objc_htmldump.h */ = {isa = PBXFileReference; fileEncoding = 4; lastKnownFileType = sourcecode.c.h; path = mulle_objc_htmldump.h; sourceTree = "<group>"; };
		41A963BD1CE2373800412367 /* c_set.inc */ = {isa = PBXFileReference; fileEncoding = 4; lastKnownFileType = sourcecode.pascal; path = c_set.inc; sourceTree = "<group>"; };
		41A963BF1CE237AF00412367 /* mulle_objc_html.c */ = {isa = PBXFileReference; lastKnownFileType = sourcecode.c.c; path = mulle_objc_html.c; sourceTree = "<group>"; };
		41A963C01CE2384600412367 /* mulle_objc_html.h */ = {isa = PBXFileReference; lastKnownFileType = sourcecode.c.h; path = mulle_objc_html.h; sourceTree = "<group>"; };
		41B2CC621C512BBD006CA7BB /* libmulle_objc_standalone.dylib */ = {isa = PBXFileReference; explicitFileType = "compiled.mach-o.dylib"; includeInIndex = 0; path = libmulle_objc_standalone.dylib; sourceTree = BUILT_PRODUCTS_DIR; };
		41B2CC6C1C512C4A006CA7BB /* libmulle_allocator.a */ = {isa = PBXFileReference; lastKnownFileType = archive.ar; name = libmulle_allocator.a; path = "../mulle-aba/dependencies/lib/Debug/libmulle_allocator.a"; sourceTree = "<group>"; };
		41B2CC6E1C512D64006CA7BB /* DynamicLibrary.xcconfig */ = {isa = PBXFileReference; lastKnownFileType = text.xcconfig; path = DynamicLibrary.xcconfig; sourceTree = "<group>"; };
		41B2CC6F1C512D64006CA7BB /* DynamicLibraryOSX.xcconfig */ = {isa = PBXFileReference; lastKnownFileType = text.xcconfig; path = DynamicLibraryOSX.xcconfig; sourceTree = "<group>"; };
		41B2CC701C512D64006CA7BB /* Library.xcconfig */ = {isa = PBXFileReference; lastKnownFileType = text.xcconfig; path = Library.xcconfig; sourceTree = "<group>"; };
		41B2CC7A1C512EBC006CA7BB /* mulle_objc_standalone.c */ = {isa = PBXFileReference; fileEncoding = 4; lastKnownFileType = sourcecode.c.c; path = mulle_objc_standalone.c; sourceTree = "<group>"; };
		41B427B61C5A869500CCEB37 /* mulle_objc_builtin.h */ = {isa = PBXFileReference; fileEncoding = 4; lastKnownFileType = sourcecode.c.h; path = mulle_objc_builtin.h; sourceTree = "<group>"; };
		41D2265A1CD65A4C00C06D8C /* RELEASENOTES.md */ = {isa = PBXFileReference; fileEncoding = 4; lastKnownFileType = net.daringfireball.markdown; path = RELEASENOTES.md; sourceTree = "<group>"; };
		41D529FD1B7AA4EF00F53814 /* mulle_objc_ivar.c */ = {isa = PBXFileReference; fileEncoding = 4; lastKnownFileType = sourcecode.c.c; path = mulle_objc_ivar.c; sourceTree = "<group>"; };
		41D529FE1B7AA4EF00F53814 /* mulle_objc_ivar.h */ = {isa = PBXFileReference; fileEncoding = 4; lastKnownFileType = sourcecode.c.h; path = mulle_objc_ivar.h; sourceTree = "<group>"; };
		41E8B0591CC6324700D1F169 /* mulle_objc_fnv1.c */ = {isa = PBXFileReference; fileEncoding = 4; lastKnownFileType = sourcecode.c.c; path = mulle_objc_fnv1.c; sourceTree = "<group>"; };
		41E8B05A1CC6324700D1F169 /* mulle_objc_fnv1.h */ = {isa = PBXFileReference; fileEncoding = 4; lastKnownFileType = sourcecode.c.h; path = mulle_objc_fnv1.h; sourceTree = "<group>"; };
		41F6ADC71AA8658600CAA0B5 /* mulle_objc_property.c */ = {isa = PBXFileReference; fileEncoding = 4; lastKnownFileType = sourcecode.c.c; path = mulle_objc_property.c; sourceTree = "<group>"; };
		41F6ADC81AA8658600CAA0B5 /* mulle_objc_property.h */ = {isa = PBXFileReference; fileEncoding = 4; lastKnownFileType = sourcecode.c.h; path = mulle_objc_property.h; sourceTree = "<group>"; };
/* End PBXFileReference section */

/* Begin PBXFrameworksBuildPhase section */
		4138D0DD1CC6704B00940B7B /* Frameworks */ = {
			isa = PBXFrameworksBuildPhase;
			buildActionMask = 2147483647;
			files = (
			);
			runOnlyForDeploymentPostprocessing = 0;
		};
		4158AC871A1A0180007F2A2D /* Frameworks */ = {
			isa = PBXFrameworksBuildPhase;
			buildActionMask = 2147483647;
			files = (
			);
			runOnlyForDeploymentPostprocessing = 0;
		};
		41B2CC5F1C512BBD006CA7BB /* Frameworks */ = {
			isa = PBXFrameworksBuildPhase;
			buildActionMask = 2147483647;
			files = (
				41B2CC691C512BCF006CA7BB /* libmulle_objc.a in Frameworks */,
				41B2CC6D1C512C4A006CA7BB /* libmulle_allocator.a in Frameworks */,
				4184C4791C8DC0BC004CED2F /* libmulle_concurrent.a in Frameworks */,
				41837DCD1C845B5A00DA9F1D /* libmulle_test_allocator.a in Frameworks */,
				41B2CC6A1C512BD6006CA7BB /* libmulle_aba.a in Frameworks */,
			);
			runOnlyForDeploymentPostprocessing = 0;
		};
/* End PBXFrameworksBuildPhase section */

/* Begin PBXGroup section */
		4138D0E11CC6704B00940B7B /* mulle-objc-uniqueid */ = {
			isa = PBXGroup;
			children = (
				4138D0E21CC6704B00940B7B /* main.c */,
			);
			name = "mulle-objc-uniqueid";
			path = "src/mulle-objc-uniqueid";
			sourceTree = "<group>";
		};
		413C8AC11A17A0A700BA0630 = {
			isa = PBXGroup;
			children = (
				411BF65F1AA781AE00DB63AB /* CMakeLists.txt */,
				411BF65D1AA7813900DB63AB /* README.md */,
				41D2265A1CD65A4C00C06D8C /* RELEASENOTES.md */,
				415A0A021C4E6E9A00290E05 /* mulle-configuration */,
				413C8ACC1A17A0A700BA0630 /* src */,
				414B4D041C4E6D7B0068A724 /* Libraries */,
				4138D0E11CC6704B00940B7B /* mulle-objc-uniqueid */,
				413C8ACB1A17A0A700BA0630 /* Products */,
			);
			sourceTree = "<group>";
		};
		413C8ACB1A17A0A700BA0630 /* Products */ = {
			isa = PBXGroup;
			children = (
				4158AC8A1A1A0180007F2A2D /* libmulle_objc.a */,
				41B2CC621C512BBD006CA7BB /* libmulle_objc_standalone.dylib */,
				4138D0E01CC6704B00940B7B /* mulle-objc-uniqueid */,
			);
			name = Products;
			sourceTree = "<group>";
		};
		413C8ACC1A17A0A700BA0630 /* src */ = {
			isa = PBXGroup;
			children = (
				41B2CC7A1C512EBC006CA7BB /* mulle_objc_standalone.c */,
				4145BDFA1BDCDFB300C42630 /* debug */,
				417000701A9FC62100C86895 /* fnv1 */,
				4177A9621D3252C6007DC3D8 /* mulle_objc.h */,
				4177A96E1D326129007DC3D8 /* mulle_objc_atomicpointer.h */,
				41B427B61C5A869500CCEB37 /* mulle_objc_builtin.h */,
				411E65521BA83230006A3902 /* mulle_objc_cache.h */,
				411E65511BA8322F006A3902 /* mulle_objc_cache.c */,
				416BA77D1A190384002F603A /* mulle_objc_call.h */,
				416BA77E1A190451002F603A /* mulle_objc_call.c */,
				41978C351A1DF8C300DAFA51 /* mulle_objc_callqueue.h */,
				41978C331A1DF39600DAFA51 /* mulle_objc_callqueue.c */,
				416BA7791A19028F002F603A /* mulle_objc_class.h */,
				41212A211E97DAAA0089F711 /* mulle_objc_class_struct.h */,
				416BA77A1A1902AE002F603A /* mulle_objc_class.c */,
				41212A121E97BF3C0089F711 /* mulle_objc_infraclass.h */,
				41212A111E97BF3C0089F711 /* mulle_objc_infraclass.c */,
				41212A161E97BF4B0089F711 /* mulle_objc_metaclass.h */,
				41212A151E97BF4B0089F711 /* mulle_objc_metaclass.c */,
				41212A0E1E97BE3A0089F711 /* mulle_objc_classpair.h */,
				41212A0D1E97BE3A0089F711 /* mulle_objc_classpair.c */,
				4177A9661D325C93007DC3D8 /* mulle_objc_class_convenience.h */,
				4177A9691D325DA6007DC3D8 /* mulle_objc_class_runtime.h */,
				4177A9681D325DA6007DC3D8 /* mulle_objc_class_runtime.c */,
				412002941C5FA7DF00ADFFE9 /* mulle_objc_fastclasstable.h */,
				4137D8401C724E6C00102D35 /* mulle_objc_fastenumeration.h */,
				4137D83F1C724E6C00102D35 /* mulle_objc_fastenumeration.c */,
				410E85121BDE798F00FF7BF2 /* mulle_objc_fastmethodtable.h */,
				410E85111BDE798F00FF7BF2 /* mulle_objc_fastmethodtable.c */,
				41D529FE1B7AA4EF00F53814 /* mulle_objc_ivar.h */,
				41D529FD1B7AA4EF00F53814 /* mulle_objc_ivar.c */,
				411727DF1B7CC3420031BEB9 /* mulle_objc_ivarlist.h */,
				411727DE1B7CC3420031BEB9 /* mulle_objc_ivarlist.c */,
				41013C291D3D08340033CD4A /* mulle_objc_kvccache.h */,
				41013C281D3D08340033CD4A /* mulle_objc_kvccache.c */,
				4147BDCA1A1CA4ED00AE8831 /* mulle_objc_load.h */,
				4147BDC81A1CA4E100AE8831 /* mulle_objc_load.c */,
				416BA7801A1908B8002F603A /* mulle_objc_method.h */,
				416BA7851A198BE1002F603A /* mulle_objc_method.c */,
				416A752F1AAFA1A400A5F511 /* mulle_objc_methodlist.h */,
				416A752E1AAFA1A400A5F511 /* mulle_objc_methodlist.c */,
				416BA77C1A190332002F603A /* mulle_objc_object.h */,
				41A41E421AB0908000A92452 /* mulle_objc_object_convenience.h */,
				4177A9641D325AAE007DC3D8 /* mulle_objc_objectheader.h */,
				41F6ADC81AA8658600CAA0B5 /* mulle_objc_property.h */,
				41F6ADC71AA8658600CAA0B5 /* mulle_objc_property.c */,
				416688C31C53E285005F4E3E /* mulle_objc_propertylist.h */,
				416688C21C53E285005F4E3E /* mulle_objc_propertylist.c */,
				416BA7751A19017C002F603A /* mulle_objc_retain_release.h */,
				416BA7761A19018D002F603A /* mulle_objc_retain_release.c */,
				416BA7741A190089002F603A /* mulle_objc_runtime.h */,
				41A827671AADAE490017BE29 /* mulle_objc_runtime.c */,
				4111AFD71D8049C100DFB901 /* mulle_objc_runtime_global.c */,
				4111AFD81D8049C100DFB901 /* mulle_objc_runtime_global.h */,
				4111AFD91D8049C100DFB901 /* mulle_objc_runtime_struct.h */,
				4154F1641AA20D9B004B7259 /* mulle_objc_signature.h */,
				4154F1631AA20D9B004B7259 /* mulle_objc_signature.c */,
				4188ADDE1D37B7E900926C82 /* mulle_objc_taggedpointer.h */,
				41212A231E97DC6A0089F711 /* mulle_objc_walktypes.h */,
				4170296A1C528A64001B2693 /* mulle_objc_try_catch_finally.h */,
				417029691C528A64001B2693 /* mulle_objc_try_catch_finally.c */,
				411E654F1BA82F33006A3902 /* mulle_objc_uniqueid.h */,
				41A2882E1C65597A00BBA54E /* mulle_objc_uniqueid.c */,
				4177A96C1D325E77007DC3D8 /* mulle_objc_version.h */,
			);
			path = src;
			sourceTree = "<group>";
		};
		4145BDFA1BDCDFB300C42630 /* debug */ = {
			isa = PBXGroup;
			children = (
				41A963BD1CE2373800412367 /* c_set.inc */,
				41A963C01CE2384600412367 /* mulle_objc_html.h */,
				41A963BF1CE237AF00412367 /* mulle_objc_html.c */,
				4145BDFC1BDCDFED00C42630 /* mulle_objc_dotdump.h */,
				4145BDFB1BDCDFED00C42630 /* mulle_objc_dotdump.c */,
				41A963BA1CE2368E00412367 /* mulle_objc_htmldump.h */,
				41A963B91CE2368E00412367 /* mulle_objc_htmldump.c */,
				418AAD401ECB193300A2DB18 /* mulle_objc_csvdump.h */,
				418AAD3F1ECB193300A2DB18 /* mulle_objc_csvdump.c */,
			);
			path = debug;
			sourceTree = "<group>";
		};
		414B4D041C4E6D7B0068A724 /* Libraries */ = {
			isa = PBXGroup;
			children = (
				41837DCC1C845B5A00DA9F1D /* libmulle_test_allocator.a */,
				41B2CC6C1C512C4A006CA7BB /* libmulle_allocator.a */,
				4170B7031BDD2E35008614DC /* libmulle_aba.a */,
				4184C4781C8DC0BC004CED2F /* libmulle_concurrent.a */,
			);
			name = Libraries;
			sourceTree = "<group>";
		};
		415A0A021C4E6E9A00290E05 /* mulle-configuration */ = {
			isa = PBXGroup;
			children = (
				41B2CC6E1C512D64006CA7BB /* DynamicLibrary.xcconfig */,
				41B2CC6F1C512D64006CA7BB /* DynamicLibraryOSX.xcconfig */,
				41B2CC701C512D64006CA7BB /* Library.xcconfig */,
				415A0A031C4E6E9A00290E05 /* Common.xcconfig */,
				415A0A041C4E6E9A00290E05 /* Debug.xcconfig */,
				415A0A051C4E6E9A00290E05 /* IOS.xcconfig */,
				415A0A061C4E6E9A00290E05 /* OSX.xcconfig */,
				415A0A081C4E6E9A00290E05 /* Release.xcconfig */,
				415A0A091C4E6E9A00290E05 /* StaticLibrary.xcconfig */,
				415A0A0A1C4E6E9A00290E05 /* StaticLibraryIOS.xcconfig */,
				415A0A0B1C4E6E9A00290E05 /* StaticLibraryOSX.xcconfig */,
				415A0A0C1C4E6E9A00290E05 /* ToolOSX.xcconfig */,
				415A0A0D1C4E6E9A00290E05 /* _Common.xcconfig */,
			);
			path = "mulle-configuration";
			sourceTree = "<group>";
		};
		417000701A9FC62100C86895 /* fnv1 */ = {
			isa = PBXGroup;
			children = (
				41E8B05A1CC6324700D1F169 /* mulle_objc_fnv1.h */,
				41E8B0591CC6324700D1F169 /* mulle_objc_fnv1.c */,
			);
			name = fnv1;
			sourceTree = "<group>";
		};
/* End PBXGroup section */

/* Begin PBXHeadersBuildPhase section */
		4158AC881A1A0180007F2A2D /* Headers */ = {
			isa = PBXHeadersBuildPhase;
			buildActionMask = 2147483647;
			files = (
				4177A9631D3252C6007DC3D8 /* mulle_objc.h in Headers */,
				4177A96F1D326129007DC3D8 /* mulle_objc_atomicpointer.h in Headers */,
				41B427B71C5A869500CCEB37 /* mulle_objc_builtin.h in Headers */,
				411E65541BA83230006A3902 /* mulle_objc_cache.h in Headers */,
				4158AC971A1A01BD007F2A2D /* mulle_objc_call.h in Headers */,
				412400A01AB0654400D56278 /* mulle_objc_callqueue.h in Headers */,
				41212A101E97BE3A0089F711 /* mulle_objc_classpair.h in Headers */,
				4158AC941A1A01BD007F2A2D /* mulle_objc_class.h in Headers */,
				4177A96B1D325DA6007DC3D8 /* mulle_objc_class_runtime.h in Headers */,
				41212A221E97DAAA0089F711 /* mulle_objc_class_struct.h in Headers */,
				41D52A001B7AA4EF00F53814 /* mulle_objc_ivar.h in Headers */,
				411727E11B7CC3420031BEB9 /* mulle_objc_ivarlist.h in Headers */,
				4137D8421C724E6C00102D35 /* mulle_objc_fastenumeration.h in Headers */,
				418AAD421ECB193300A2DB18 /* mulle_objc_csvdump.h in Headers */,
				412002B71C5FBB0200ADFFE9 /* mulle_objc_fastclasstable.h in Headers */,
				410E85141BDE798F00FF7BF2 /* mulle_objc_fastmethodtable.h in Headers */,
				41E8B05C1CC6324700D1F169 /* mulle_objc_fnv1.h in Headers */,
				41212A141E97BF3C0089F711 /* mulle_objc_infraclass.h in Headers */,
				41013C2B1D3D08340033CD4A /* mulle_objc_kvccache.h in Headers */,
				4124009F1AB0653200D56278 /* mulle_objc_load.h in Headers */,
				41212A181E97BF4B0089F711 /* mulle_objc_metaclass.h in Headers */,
				4124009E1AB0652A00D56278 /* mulle_objc_method.h in Headers */,
				416A75311AAFA1A400A5F511 /* mulle_objc_methodlist.h in Headers */,
				4158AC961A1A01BD007F2A2D /* mulle_objc_object.h in Headers */,
				41A41E431AB0908000A92452 /* mulle_objc_object_convenience.h in Headers */,
				416688C51C53E285005F4E3E /* mulle_objc_propertylist.h in Headers */,
				41F6ADCA1AA8658600CAA0B5 /* mulle_objc_property.h in Headers */,
				4111AFDB1D8049C100DFB901 /* mulle_objc_runtime_global.h in Headers */,
				4111AFDC1D8049C100DFB901 /* mulle_objc_runtime_struct.h in Headers */,
				4158AC991A1A01BD007F2A2D /* mulle_objc_retain_release.h in Headers */,
				4177A96D1D325E77007DC3D8 /* mulle_objc_version.h in Headers */,
				4177A9671D325C93007DC3D8 /* mulle_objc_class_convenience.h in Headers */,
				4177A9651D325AAE007DC3D8 /* mulle_objc_objectheader.h in Headers */,
				4188ADDF1D37B7E900926C82 /* mulle_objc_taggedpointer.h in Headers */,
				4158AC931A1A01BD007F2A2D /* mulle_objc_runtime.h in Headers */,
				4154F1661AA20D9B004B7259 /* mulle_objc_signature.h in Headers */,
				411E65501BA82FDA006A3902 /* mulle_objc_uniqueid.h in Headers */,
				41A963BC1CE2368E00412367 /* mulle_objc_htmldump.h in Headers */,
				4145BDFE1BDCDFED00C42630 /* mulle_objc_dotdump.h in Headers */,
				4170296C1C528A64001B2693 /* mulle_objc_try_catch_finally.h in Headers */,
				41212A241E97DC6A0089F711 /* mulle_objc_walktypes.h in Headers */,
			);
			runOnlyForDeploymentPostprocessing = 0;
		};
		41B2CC601C512BBD006CA7BB /* Headers */ = {
			isa = PBXHeadersBuildPhase;
			buildActionMask = 2147483647;
			files = (
			);
			runOnlyForDeploymentPostprocessing = 0;
		};
/* End PBXHeadersBuildPhase section */

/* Begin PBXNativeTarget section */
		4138D0DF1CC6704B00940B7B /* mulle-objc-uniqueid */ = {
			isa = PBXNativeTarget;
			buildConfigurationList = 4138D0E71CC6704B00940B7B /* Build configuration list for PBXNativeTarget "mulle-objc-uniqueid" */;
			buildPhases = (
				4138D0DC1CC6704B00940B7B /* Sources */,
				4138D0DD1CC6704B00940B7B /* Frameworks */,
				4138D0DE1CC6704B00940B7B /* CopyFiles */,
			);
			buildRules = (
			);
			dependencies = (
			);
			name = "mulle-objc-uniqueid";
			productName = "mulle-objc-uniqueid";
			productReference = 4138D0E01CC6704B00940B7B /* mulle-objc-uniqueid */;
			productType = "com.apple.product-type.tool";
		};
		4158AC891A1A0180007F2A2D /* mulle_objc */ = {
			isa = PBXNativeTarget;
			buildConfigurationList = 4158AC8B1A1A0180007F2A2D /* Build configuration list for PBXNativeTarget "mulle_objc" */;
			buildPhases = (
				4158AC861A1A0180007F2A2D /* Sources */,
				4158AC871A1A0180007F2A2D /* Frameworks */,
				4158AC881A1A0180007F2A2D /* Headers */,
			);
			buildRules = (
			);
			dependencies = (
			);
			name = mulle_objc;
			productName = "mulle-objc-runtime";
			productReference = 4158AC8A1A1A0180007F2A2D /* libmulle_objc.a */;
			productType = "com.apple.product-type.library.dynamic";
		};
		41B2CC611C512BBD006CA7BB /* mulle_objc_standalone */ = {
			isa = PBXNativeTarget;
			buildConfigurationList = 41B2CC631C512BBD006CA7BB /* Build configuration list for PBXNativeTarget "mulle_objc_standalone" */;
			buildPhases = (
				41B2CC5E1C512BBD006CA7BB /* Sources */,
				41B2CC5F1C512BBD006CA7BB /* Frameworks */,
				41B2CC601C512BBD006CA7BB /* Headers */,
			);
			buildRules = (
			);
			dependencies = (
				41B2CC681C512BC9006CA7BB /* PBXTargetDependency */,
			);
			name = mulle_objc_standalone;
			productName = mulle_objc_standalone_runtime;
			productReference = 41B2CC621C512BBD006CA7BB /* libmulle_objc_standalone.dylib */;
			productType = "com.apple.product-type.library.dynamic";
		};
/* End PBXNativeTarget section */

/* Begin PBXProject section */
		413C8AC21A17A0A700BA0630 /* Project object */ = {
			isa = PBXProject;
			attributes = {
				LastUpgradeCheck = 0720;
				ORGANIZATIONNAME = "Mulle kybernetiK";
				TargetAttributes = {
					4138D0DF1CC6704B00940B7B = {
						CreatedOnToolsVersion = 7.2.1;
					};
					41B2CC611C512BBD006CA7BB = {
						CreatedOnToolsVersion = 7.1;
					};
					41B2CC711C512DD8006CA7BB = {
						CreatedOnToolsVersion = 7.1;
					};
				};
			};
			buildConfigurationList = 413C8AC51A17A0A700BA0630 /* Build configuration list for PBXProject "mulle-objc-runtime" */;
			compatibilityVersion = "Xcode 3.2";
			developmentRegion = English;
			hasScannedForEncodings = 0;
			knownRegions = (
				en,
			);
			mainGroup = 413C8AC11A17A0A700BA0630;
			productRefGroup = 413C8ACB1A17A0A700BA0630 /* Products */;
			projectDirPath = "";
			projectRoot = "";
			targets = (
				41B2CC711C512DD8006CA7BB /* Libraries */,
				4158AC891A1A0180007F2A2D /* mulle_objc */,
				41B2CC611C512BBD006CA7BB /* mulle_objc_standalone */,
				4138D0DF1CC6704B00940B7B /* mulle-objc-uniqueid */,
			);
		};
/* End PBXProject section */

/* Begin PBXSourcesBuildPhase section */
		4138D0DC1CC6704B00940B7B /* Sources */ = {
			isa = PBXSourcesBuildPhase;
			buildActionMask = 2147483647;
			files = (
				4138D0E31CC6704B00940B7B /* main.c in Sources */,
				4138D0F11CC6727B00940B7B /* mulle_objc_uniqueid.c in Sources */,
				4138D0F01CC6716A00940B7B /* mulle_objc_fnv1.c in Sources */,
			);
			runOnlyForDeploymentPostprocessing = 0;
		};
		4158AC861A1A0180007F2A2D /* Sources */ = {
			isa = PBXSourcesBuildPhase;
			buildActionMask = 2147483647;
			files = (
				41E8B05B1CC6324700D1F169 /* mulle_objc_fnv1.c in Sources */,
				411E65531BA83230006A3902 /* mulle_objc_cache.c in Sources */,
				4158AC901A1A01AB007F2A2D /* mulle_objc_call.c in Sources */,
				41212A171E97BF4B0089F711 /* mulle_objc_metaclass.c in Sources */,
				41978C341A1DF39600DAFA51 /* mulle_objc_callqueue.c in Sources */,
				4158AC8E1A1A01AB007F2A2D /* mulle_objc_class.c in Sources */,
				410E85131BDE798F00FF7BF2 /* mulle_objc_fastmethodtable.c in Sources */,
				4170296B1C528A64001B2693 /* mulle_objc_try_catch_finally.c in Sources */,
				41D529FF1B7AA4EF00F53814 /* mulle_objc_ivar.c in Sources */,
				411727E01B7CC3420031BEB9 /* mulle_objc_ivarlist.c in Sources */,
				4147BDC91A1CA4E100AE8831 /* mulle_objc_load.c in Sources */,
				4158AC8F1A1A01AB007F2A2D /* mulle_objc_method.c in Sources */,
				416A75301AAFA1A400A5F511 /* mulle_objc_methodlist.c in Sources */,
				41F6ADC91AA8658600CAA0B5 /* mulle_objc_property.c in Sources */,
				4158AC921A1A01AB007F2A2D /* mulle_objc_retain_release.c in Sources */,
				41212A0F1E97BE3A0089F711 /* mulle_objc_classpair.c in Sources */,
				41A827681AADAE490017BE29 /* mulle_objc_runtime.c in Sources */,
				41A2882F1C65597A00BBA54E /* mulle_objc_uniqueid.c in Sources */,
				41A963C11CE2484100412367 /* mulle_objc_html.c in Sources */,
				41013C2A1D3D08340033CD4A /* mulle_objc_kvccache.c in Sources */,
				41A963BB1CE2368E00412367 /* mulle_objc_htmldump.c in Sources */,
				4145BDFD1BDCDFED00C42630 /* mulle_objc_dotdump.c in Sources */,
				41212A131E97BF3C0089F711 /* mulle_objc_infraclass.c in Sources */,
				4177A96A1D325DA6007DC3D8 /* mulle_objc_class_runtime.c in Sources */,
				418AAD411ECB193300A2DB18 /* mulle_objc_csvdump.c in Sources */,
				4154F1651AA20D9B004B7259 /* mulle_objc_signature.c in Sources */,
				416688C41C53E285005F4E3E /* mulle_objc_propertylist.c in Sources */,
				4111AFDA1D8049C100DFB901 /* mulle_objc_runtime_global.c in Sources */,
				4137D8411C724E6C00102D35 /* mulle_objc_fastenumeration.c in Sources */,
			);
			runOnlyForDeploymentPostprocessing = 0;
		};
		41B2CC5E1C512BBD006CA7BB /* Sources */ = {
			isa = PBXSourcesBuildPhase;
			buildActionMask = 2147483647;
			files = (
				41B2CC7B1C512EBC006CA7BB /* mulle_objc_standalone.c in Sources */,
			);
			runOnlyForDeploymentPostprocessing = 0;
		};
/* End PBXSourcesBuildPhase section */

/* Begin PBXTargetDependency section */
		41B2CC681C512BC9006CA7BB /* PBXTargetDependency */ = {
			isa = PBXTargetDependency;
			target = 4158AC891A1A0180007F2A2D /* mulle_objc */;
			targetProxy = 41B2CC671C512BC9006CA7BB /* PBXContainerItemProxy */;
		};
		41B2CC771C512DE5006CA7BB /* PBXTargetDependency */ = {
			isa = PBXTargetDependency;
			target = 4158AC891A1A0180007F2A2D /* mulle_objc */;
			targetProxy = 41B2CC761C512DE5006CA7BB /* PBXContainerItemProxy */;
		};
		41B2CC791C512DE5006CA7BB /* PBXTargetDependency */ = {
			isa = PBXTargetDependency;
			target = 41B2CC611C512BBD006CA7BB /* mulle_objc_standalone */;
			targetProxy = 41B2CC781C512DE5006CA7BB /* PBXContainerItemProxy */;
		};
/* End PBXTargetDependency section */

/* Begin XCBuildConfiguration section */
		4138D0E41CC6704B00940B7B /* Debug */ = {
			isa = XCBuildConfiguration;
			baseConfigurationReference = 415A0A0C1C4E6E9A00290E05 /* ToolOSX.xcconfig */;
			buildSettings = {
				LIBRARY_SEARCH_PATHS = (
					"$(inherited)",
					"$(PROJECT_DIR)/dependencies/lib/Debug",
					"$(PROJECT_DIR)/dependencies/lib/Release",
				);
				OTHER_LDFLAGS = "";
			};
			name = Debug;
		};
		4138D0E51CC6704B00940B7B /* Release */ = {
			isa = XCBuildConfiguration;
			baseConfigurationReference = 415A0A0C1C4E6E9A00290E05 /* ToolOSX.xcconfig */;
			buildSettings = {
				LIBRARY_SEARCH_PATHS = (
					"$(inherited)",
					"$(PROJECT_DIR)/dependencies/lib/Debug",
					"$(PROJECT_DIR)/dependencies/lib/Release",
				);
				OTHER_LDFLAGS = "";
			};
			name = Release;
		};
		4138D0E61CC6704B00940B7B /* Disassembly */ = {
			isa = XCBuildConfiguration;
			baseConfigurationReference = 415A0A0C1C4E6E9A00290E05 /* ToolOSX.xcconfig */;
			buildSettings = {
				LIBRARY_SEARCH_PATHS = (
					"$(inherited)",
					"$(PROJECT_DIR)/dependencies/lib/Debug",
					"$(PROJECT_DIR)/dependencies/lib/Release",
				);
				OTHER_LDFLAGS = "";
			};
			name = Disassembly;
		};
		413C8AD11A17A0A700BA0630 /* Debug */ = {
			isa = XCBuildConfiguration;
			baseConfigurationReference = 415A0A041C4E6E9A00290E05 /* Debug.xcconfig */;
			buildSettings = {
				COMMON_GCC_PREPROCESSOR_DEFINITIONS = "__STDC_NO_THREADS__ __MULLE_OBJC_TPS__ __MULLE_OBJC_NO_TRT__";
				CURRENT_PROJECT_VERSION = 1.1.0;
				DEPENDENCIES_DIR = "$(PROJECT_DIR)/../dependencies";
				GCC_C_LANGUAGE_STANDARD = c11;
				GCC_WARN_UNUSED_VARIABLE = YES;
				OTHER_CFLAGS = (
					"$(inherited)",
					"-D_C11_SOURCE",
					"-D_XOPEN_SOURCE=500",
					"-D_C99_SOURCE",
				);
			};
			name = Debug;
		};
		413C8AD21A17A0A700BA0630 /* Release */ = {
			isa = XCBuildConfiguration;
			baseConfigurationReference = 415A0A081C4E6E9A00290E05 /* Release.xcconfig */;
			buildSettings = {
				COMMON_GCC_PREPROCESSOR_DEFINITIONS = "__STDC_NO_THREADS__ __MULLE_OBJC_TPS__ __MULLE_OBJC_NO_TRT__";
				CURRENT_PROJECT_VERSION = 1.1.0;
				DEPENDENCIES_DIR = "$(PROJECT_DIR)/../dependencies";
				GCC_C_LANGUAGE_STANDARD = c11;
				GCC_WARN_UNUSED_VARIABLE = YES;
				OTHER_CFLAGS = (
					"$(inherited)",
					"-D_C99_SOURCE",
				);
			};
			name = Release;
		};
		4158AC8C1A1A0180007F2A2D /* Debug */ = {
			isa = XCBuildConfiguration;
			baseConfigurationReference = 415A0A0B1C4E6E9A00290E05 /* StaticLibraryOSX.xcconfig */;
			buildSettings = {
				OTHER_CFLAGS = (
					"-H",
					"$(inherited)",
					"-D_C11_SOURCE",
					"-D_XOPEN_SOURCE=500",
					"-D_C99_SOURCE",
				);
			};
			name = Debug;
		};
		4158AC8D1A1A0180007F2A2D /* Release */ = {
			isa = XCBuildConfiguration;
			baseConfigurationReference = 415A0A0B1C4E6E9A00290E05 /* StaticLibraryOSX.xcconfig */;
			buildSettings = {
			};
			name = Release;
		};
		41B2CC641C512BBD006CA7BB /* Debug */ = {
			isa = XCBuildConfiguration;
			baseConfigurationReference = 41B2CC6F1C512D64006CA7BB /* DynamicLibraryOSX.xcconfig */;
			buildSettings = {
				DYLIB_COMPATIBILITY_VERSION = 1.0.0;
				DYLIB_CURRENT_VERSION = "$(CURRENT_PROJECT_VERSION)";
				LIBRARY_SEARCH_PATHS = (
					"$(inherited)",
					"$(PROJECT_DIR)/dependencies/lib/Debug",
				);
				OTHER_LDFLAGS = (
					"-force_load",
					"$(CONFIGURATION_BUILD_DIR)/libmulle_objc.a",
				);
			};
			name = Debug;
		};
		41B2CC651C512BBD006CA7BB /* Release */ = {
			isa = XCBuildConfiguration;
			baseConfigurationReference = 41B2CC6F1C512D64006CA7BB /* DynamicLibraryOSX.xcconfig */;
			buildSettings = {
				DYLIB_COMPATIBILITY_VERSION = 1.0.0;
				DYLIB_CURRENT_VERSION = "$(CURRENT_PROJECT_VERSION)";
				LIBRARY_SEARCH_PATHS = (
					"$(inherited)",
					"$(PROJECT_DIR)/dependencies/lib/Debug",
				);
				OTHER_LDFLAGS = (
					"-force_load",
					"$(CONFIGURATION_BUILD_DIR)/libmulle_objc.a",
				);
			};
			name = Release;
		};
		41B2CC661C512BBD006CA7BB /* Disassembly */ = {
			isa = XCBuildConfiguration;
			baseConfigurationReference = 41B2CC6F1C512D64006CA7BB /* DynamicLibraryOSX.xcconfig */;
			buildSettings = {
				DYLIB_COMPATIBILITY_VERSION = 1.0.0;
				DYLIB_CURRENT_VERSION = "$(CURRENT_PROJECT_VERSION)";
				LIBRARY_SEARCH_PATHS = (
					"$(inherited)",
					"$(PROJECT_DIR)/dependencies/lib/Debug",
				);
				OTHER_LDFLAGS = (
					"-force_load",
					"$(CONFIGURATION_BUILD_DIR)/libmulle_objc.a",
				);
			};
			name = Disassembly;
		};
		41B2CC731C512DD8006CA7BB /* Debug */ = {
			isa = XCBuildConfiguration;
			buildSettings = {
			};
			name = Debug;
		};
		41B2CC741C512DD8006CA7BB /* Release */ = {
			isa = XCBuildConfiguration;
			buildSettings = {
			};
			name = Release;
		};
		41B2CC751C512DD8006CA7BB /* Disassembly */ = {
			isa = XCBuildConfiguration;
			buildSettings = {
			};
			name = Disassembly;
		};
		41D268C41A253E5800A2BAF8 /* Disassembly */ = {
			isa = XCBuildConfiguration;
			baseConfigurationReference = 415A0A081C4E6E9A00290E05 /* Release.xcconfig */;
			buildSettings = {
				COMMON_GCC_PREPROCESSOR_DEFINITIONS = "__STDC_NO_THREADS__ __MULLE_OBJC_TPS__ __MULLE_OBJC_NO_TRT__";
				CURRENT_PROJECT_VERSION = 1.1.0;
				DEPENDENCIES_DIR = "$(PROJECT_DIR)/../dependencies";
				GCC_C_LANGUAGE_STANDARD = c11;
				GCC_WARN_UNUSED_VARIABLE = YES;
				OTHER_CFLAGS = (
					"$(inherited)",
					"-D_C99_SOURCE",
				);
			};
			name = Disassembly;
		};
		41D268C51A253E5800A2BAF8 /* Disassembly */ = {
			isa = XCBuildConfiguration;
			baseConfigurationReference = 415A0A0B1C4E6E9A00290E05 /* StaticLibraryOSX.xcconfig */;
			buildSettings = {
			};
			name = Disassembly;
		};
/* End XCBuildConfiguration section */

/* Begin XCConfigurationList section */
		4138D0E71CC6704B00940B7B /* Build configuration list for PBXNativeTarget "mulle-objc-uniqueid" */ = {
			isa = XCConfigurationList;
			buildConfigurations = (
				4138D0E41CC6704B00940B7B /* Debug */,
				4138D0E51CC6704B00940B7B /* Release */,
				4138D0E61CC6704B00940B7B /* Disassembly */,
			);
			defaultConfigurationIsVisible = 0;
			defaultConfigurationName = Release;
		};
		413C8AC51A17A0A700BA0630 /* Build configuration list for PBXProject "mulle-objc-runtime" */ = {
			isa = XCConfigurationList;
			buildConfigurations = (
				413C8AD11A17A0A700BA0630 /* Debug */,
				413C8AD21A17A0A700BA0630 /* Release */,
				41D268C41A253E5800A2BAF8 /* Disassembly */,
			);
			defaultConfigurationIsVisible = 0;
			defaultConfigurationName = Release;
		};
		4158AC8B1A1A0180007F2A2D /* Build configuration list for PBXNativeTarget "mulle_objc" */ = {
			isa = XCConfigurationList;
			buildConfigurations = (
				4158AC8C1A1A0180007F2A2D /* Debug */,
				4158AC8D1A1A0180007F2A2D /* Release */,
				41D268C51A253E5800A2BAF8 /* Disassembly */,
			);
			defaultConfigurationIsVisible = 0;
			defaultConfigurationName = Release;
		};
		41B2CC631C512BBD006CA7BB /* Build configuration list for PBXNativeTarget "mulle_objc_standalone" */ = {
			isa = XCConfigurationList;
			buildConfigurations = (
				41B2CC641C512BBD006CA7BB /* Debug */,
				41B2CC651C512BBD006CA7BB /* Release */,
				41B2CC661C512BBD006CA7BB /* Disassembly */,
			);
			defaultConfigurationIsVisible = 0;
			defaultConfigurationName = Release;
		};
		41B2CC721C512DD8006CA7BB /* Build configuration list for PBXAggregateTarget "Libraries" */ = {
			isa = XCConfigurationList;
			buildConfigurations = (
				41B2CC731C512DD8006CA7BB /* Debug */,
				41B2CC741C512DD8006CA7BB /* Release */,
				41B2CC751C512DD8006CA7BB /* Disassembly */,
			);
			defaultConfigurationIsVisible = 0;
			defaultConfigurationName = Release;
		};
/* End XCConfigurationList section */
	};
	rootObject = 413C8AC21A17A0A700BA0630 /* Project object */;
}
